// !$*UTF8*$!
{
	archiveVersion = 1;
	classes = {
	};
	objectVersion = 46;
	objects = {

/* Begin PBXAggregateTarget section */
		20C7654FB5A131681F032808 /* ALL_BUILD */ = {
			isa = PBXAggregateTarget;
			buildConfigurationList = F027D452FC9444ACBED96376 /* Build configuration list for PBXAggregateTarget "ALL_BUILD" */;
			buildPhases = (
				17430E5CCE4A278FBC250714 /* Generate CMakeFiles/ALL_BUILD */,
			);
			dependencies = (
				B47ED6A58FB642BE84F7166D /* PBXTargetDependency */,
				E5DE51FCC8D34A6BAEFF104A /* PBXTargetDependency */,
			);
			name = ALL_BUILD;
			productName = ALL_BUILD;
		};
		76351EAF27738D823F143E07 /* package */ = {
			isa = PBXAggregateTarget;
			buildConfigurationList = BC8FFB51DF6745DBA863CF1B /* Build configuration list for PBXAggregateTarget "package" */;
			buildPhases = (
				571234464C2A5D0D43F1AB42 /* CMake PostBuild Rules */,
			);
			dependencies = (
				EA3AA93FAA594020A555C71D /* PBXTargetDependency */,
			);
			name = package;
			productName = package;
		};
		F2AF4B7EB06B3A8C4CFCA8C9 /* ZERO_CHECK */ = {
			isa = PBXAggregateTarget;
			buildConfigurationList = B605C054878146A3B1C94C98 /* Build configuration list for PBXAggregateTarget "ZERO_CHECK" */;
			buildPhases = (
				7D4CC86D354F733F16706B84 /* Generate CMakeFiles/ZERO_CHECK */,
			);
			dependencies = (
			);
			name = ZERO_CHECK;
			productName = ZERO_CHECK;
		};
/* End PBXAggregateTarget section */

/* Begin PBXBuildFile section */
		057AE35087254163957B9BD3 /* /Users/luongtoi/Documents/Projects/CasioEmuMsvc/CasioEmuMsvc/SDL_image/src/IMG_WIC.c */ = {isa = PBXBuildFile; fileRef = AF13B6B8C0DA4B3C8924D6C5 /* /Users/luongtoi/Documents/Projects/CasioEmuMsvc/CasioEmuMsvc/SDL_image/src/IMG_WIC.c */; };
		234E406E68F54DF98748378A /* /Users/luongtoi/Documents/Projects/CasioEmuMsvc/CasioEmuMsvc/SDL_image/src/IMG_xpm.c */ = {isa = PBXBuildFile; fileRef = 95AD6236E14A472299551DDB /* /Users/luongtoi/Documents/Projects/CasioEmuMsvc/CasioEmuMsvc/SDL_image/src/IMG_xpm.c */; };
		3615A91A9E174E7289EC83E6 /* /Users/luongtoi/Documents/Projects/CasioEmuMsvc/CasioEmuMsvc/SDL_image/src/IMG_xv.c */ = {isa = PBXBuildFile; fileRef = 7A8B5242930B4093B815C18B /* /Users/luongtoi/Documents/Projects/CasioEmuMsvc/CasioEmuMsvc/SDL_image/src/IMG_xv.c */; };
		3905E0EEFF3542BDBB51A886 /* /Users/luongtoi/Documents/Projects/CasioEmuMsvc/CasioEmuMsvc/SDL_image/src/IMG.c */ = {isa = PBXBuildFile; fileRef = E11FD320FBD9483DA261432A /* /Users/luongtoi/Documents/Projects/CasioEmuMsvc/CasioEmuMsvc/SDL_image/src/IMG.c */; };
		44FE8301D212416FBFFE207A /* /Users/luongtoi/Documents/Projects/CasioEmuMsvc/CasioEmuMsvc/SDL_image/src/IMG_pcx.c */ = {isa = PBXBuildFile; fileRef = F29C0C67783D4040A661CAEB /* /Users/luongtoi/Documents/Projects/CasioEmuMsvc/CasioEmuMsvc/SDL_image/src/IMG_pcx.c */; };
		45DF4EE135F44FF3A2FB52B2 /* /Users/luongtoi/Documents/Projects/CasioEmuMsvc/CasioEmuMsvc/SDL_image/src/IMG_xcf.c */ = {isa = PBXBuildFile; fileRef = E83FC4364C274EF1A44FCBC0 /* /Users/luongtoi/Documents/Projects/CasioEmuMsvc/CasioEmuMsvc/SDL_image/src/IMG_xcf.c */; };
		66491D8443A747B78A0C0EEF /* /Users/luongtoi/Documents/Projects/CasioEmuMsvc/CasioEmuMsvc/SDL_image/CMakeLists.txt */ = {isa = PBXBuildFile; fileRef = 618D0C0A4945477B859DBAC9 /* /Users/luongtoi/Documents/Projects/CasioEmuMsvc/CasioEmuMsvc/SDL_image/CMakeLists.txt */; };
		66ED83EEF6504BEA8B84068C /* /Users/luongtoi/Documents/Projects/CasioEmuMsvc/CasioEmuMsvc/SDL_image/src/IMG_tga.c */ = {isa = PBXBuildFile; fileRef = 6016D92AF37545E3851B496A /* /Users/luongtoi/Documents/Projects/CasioEmuMsvc/CasioEmuMsvc/SDL_image/src/IMG_tga.c */; };
		6DB2EF321FF745D8AD4BCF73 /* /Users/luongtoi/Documents/Projects/CasioEmuMsvc/CasioEmuMsvc/SDL_image/src/IMG_qoi.c */ = {isa = PBXBuildFile; fileRef = 685F6D4994B2453C8EE6905F /* /Users/luongtoi/Documents/Projects/CasioEmuMsvc/CasioEmuMsvc/SDL_image/src/IMG_qoi.c */; };
		6F97E38E2A5C421BB4D6738C /* /Users/luongtoi/Documents/Projects/CasioEmuMsvc/CasioEmuMsvc/SDL_image/src/IMG_tif.c */ = {isa = PBXBuildFile; fileRef = 7BC0E27D436145EBAE48BCC7 /* /Users/luongtoi/Documents/Projects/CasioEmuMsvc/CasioEmuMsvc/SDL_image/src/IMG_tif.c */; };
		7339998A2173455D8EF93643 /* /Users/luongtoi/Documents/Projects/CasioEmuMsvc/CasioEmuMsvc/SDL_image/src/IMG_avif.c */ = {isa = PBXBuildFile; fileRef = CA9BDEADCAE846EBB3B4E97C /* /Users/luongtoi/Documents/Projects/CasioEmuMsvc/CasioEmuMsvc/SDL_image/src/IMG_avif.c */; };
		73B3859DF76C45088F1A2713 /* /Users/luongtoi/Documents/Projects/CasioEmuMsvc/CasioEmuMsvc/build-ios/SDL_image/CMakeFiles/SDL2_image.dir/Info.plist */ = {isa = PBXBuildFile; fileRef = DEAD99DFE1524D8898A41DF6 /* /Users/luongtoi/Documents/Projects/CasioEmuMsvc/CasioEmuMsvc/build-ios/SDL_image/CMakeFiles/SDL2_image.dir/Info.plist */; };
		876D07D52C584A50BA56B885 /* /Users/luongtoi/Documents/Projects/CasioEmuMsvc/CasioEmuMsvc/SDL_image/src/IMG_ImageIO.m */ = {isa = PBXBuildFile; fileRef = D8B1190CEBAB488F91211D1F /* /Users/luongtoi/Documents/Projects/CasioEmuMsvc/CasioEmuMsvc/SDL_image/src/IMG_ImageIO.m */; };
		937D2409E13440EF94C273DB /* /Users/luongtoi/Documents/Projects/CasioEmuMsvc/CasioEmuMsvc/SDL_image/src/IMG_png.c */ = {isa = PBXBuildFile; fileRef = 9E0FDF55547B438C9A0488E0 /* /Users/luongtoi/Documents/Projects/CasioEmuMsvc/CasioEmuMsvc/SDL_image/src/IMG_png.c */; };
		9B5EA722B9DA466399427126 /* /Users/luongtoi/Documents/Projects/CasioEmuMsvc/CasioEmuMsvc/SDL_image/src/IMG_bmp.c */ = {isa = PBXBuildFile; fileRef = 28B7AF0EF1D447E4803D6629 /* /Users/luongtoi/Documents/Projects/CasioEmuMsvc/CasioEmuMsvc/SDL_image/src/IMG_bmp.c */; };
		A79A931C10D840BDB2122065 /* /Users/luongtoi/Documents/Projects/CasioEmuMsvc/CasioEmuMsvc/SDL_image/src/IMG_jxl.c */ = {isa = PBXBuildFile; fileRef = B27FBEBD14514E858964C8E7 /* /Users/luongtoi/Documents/Projects/CasioEmuMsvc/CasioEmuMsvc/SDL_image/src/IMG_jxl.c */; };
		A8A2763DA20B49DDA829756A /* /Users/luongtoi/Documents/Projects/CasioEmuMsvc/CasioEmuMsvc/SDL_image/src/IMG_lbm.c */ = {isa = PBXBuildFile; fileRef = 55446A3D00734A1E88AB1D9B /* /Users/luongtoi/Documents/Projects/CasioEmuMsvc/CasioEmuMsvc/SDL_image/src/IMG_lbm.c */; };
		AD19A564CFB44765A482BBB3 /* /Users/luongtoi/Documents/Projects/CasioEmuMsvc/CasioEmuMsvc/SDL_image/src/IMG_gif.c */ = {isa = PBXBuildFile; fileRef = D82320E7099847F9821888D9 /* /Users/luongtoi/Documents/Projects/CasioEmuMsvc/CasioEmuMsvc/SDL_image/src/IMG_gif.c */; };
		B46C2F9F7BD343FE803EEC76 /* /Users/luongtoi/Documents/Projects/CasioEmuMsvc/CasioEmuMsvc/SDL_image/src/IMG_stb.c */ = {isa = PBXBuildFile; fileRef = 213B4216B1474C10B640F8FA /* /Users/luongtoi/Documents/Projects/CasioEmuMsvc/CasioEmuMsvc/SDL_image/src/IMG_stb.c */; };
		C2C2CF8EE03E4D508F8E98F5 /* /Users/luongtoi/Documents/Projects/CasioEmuMsvc/CasioEmuMsvc/SDL_image/src/IMG_jpg.c */ = {isa = PBXBuildFile; fileRef = 23C022E5459049C9AC975BEF /* /Users/luongtoi/Documents/Projects/CasioEmuMsvc/CasioEmuMsvc/SDL_image/src/IMG_jpg.c */; };
		C67133D51F3A482FA15BF6E9 /* /Users/luongtoi/Documents/Projects/CasioEmuMsvc/CasioEmuMsvc/SDL_image/src/IMG_webp.c */ = {isa = PBXBuildFile; fileRef = 36B79901EDDD411C86B15396 /* /Users/luongtoi/Documents/Projects/CasioEmuMsvc/CasioEmuMsvc/SDL_image/src/IMG_webp.c */; };
		D9662818295A490DAED85670 /* /Users/luongtoi/Documents/Projects/CasioEmuMsvc/CasioEmuMsvc/SDL_image/src/IMG_svg.c */ = {isa = PBXBuildFile; fileRef = 01C972ADE1514B7AB9D0964B /* /Users/luongtoi/Documents/Projects/CasioEmuMsvc/CasioEmuMsvc/SDL_image/src/IMG_svg.c */; };
		F9AE56293079448E8AE045ED /* /Users/luongtoi/Documents/Projects/CasioEmuMsvc/CasioEmuMsvc/SDL_image/src/IMG_pnm.c */ = {isa = PBXBuildFile; fileRef = 191CF48DD18A40D7B885C97A /* /Users/luongtoi/Documents/Projects/CasioEmuMsvc/CasioEmuMsvc/SDL_image/src/IMG_pnm.c */; };
/* End PBXBuildFile section */

/* Begin PBXBuildStyle section */
		0678160E9C76498C9BC1E434 /* Release */ = {
			isa = PBXBuildStyle;
			buildSettings = {
				COPY_PHASE_STRIP = NO;
			};
			name = Release;
		};
		3A1D120D392D4441902994B3 /* RelWithDebInfo */ = {
			isa = PBXBuildStyle;
			buildSettings = {
				COPY_PHASE_STRIP = NO;
			};
			name = RelWithDebInfo;
		};
		524281C754FC4FEDA269F1B0 /* MinSizeRel */ = {
			isa = PBXBuildStyle;
			buildSettings = {
				COPY_PHASE_STRIP = NO;
			};
			name = MinSizeRel;
		};
		86F1B7B2864B40888241F2ED /* Debug */ = {
			isa = PBXBuildStyle;
			buildSettings = {
				COPY_PHASE_STRIP = NO;
			};
			name = Debug;
		};
/* End PBXBuildStyle section */

/* Begin PBXContainerItemProxy section */
		2CE8FA6043CA4605ADA599AC /* PBXContainerItemProxy */ = {
			isa = PBXContainerItemProxy;
			containerPortal = 084B30AB65D64AB0B32F24AB /* Project object */;
			proxyType = 1;
			remoteGlobalIDString = 20C7654FB5A131681F032808;
			remoteInfo = ALL_BUILD;
		};
		70F21473CD9F4A66B2EC2480 /* PBXContainerItemProxy */ = {
			isa = PBXContainerItemProxy;
			containerPortal = 084B30AB65D64AB0B32F24AB /* Project object */;
			proxyType = 1;
			remoteGlobalIDString = F2AF4B7EB06B3A8C4CFCA8C9;
			remoteInfo = ZERO_CHECK;
		};
		73E338845DBD4F0690F41F27 /* PBXContainerItemProxy */ = {
			isa = PBXContainerItemProxy;
			containerPortal = 084B30AB65D64AB0B32F24AB /* Project object */;
			proxyType = 1;
			remoteGlobalIDString = F2AF4B7EB06B3A8C4CFCA8C9;
			remoteInfo = ZERO_CHECK;
		};
		EB0A224D6C71434C93178B68 /* PBXContainerItemProxy */ = {
			isa = PBXContainerItemProxy;
			containerPortal = 084B30AB65D64AB0B32F24AB /* Project object */;
			proxyType = 1;
			remoteGlobalIDString = 18C3C075E0002271A1392EC8;
			remoteInfo = SDL2_image;
		};
/* End PBXContainerItemProxy section */

/* Begin PBXFileReference section */
		01C972ADE1514B7AB9D0964B /* /Users/luongtoi/Documents/Projects/CasioEmuMsvc/CasioEmuMsvc/SDL_image/src/IMG_svg.c */ = {isa = PBXFileReference; explicitFileType = sourcecode.c.c; fileEncoding = 4; name = IMG_svg.c; path = src/IMG_svg.c; sourceTree = SOURCE_ROOT; };
		16763D514D754E5AA44200E8 /* /Users/luongtoi/Documents/Projects/CasioEmuMsvc/CasioEmuMsvc/SDL_image/CMakeLists.txt */ = {isa = PBXFileReference; explicitFileType = sourcecode.text; fileEncoding = 4; name = CMakeLists.txt; path = CMakeLists.txt; sourceTree = SOURCE_ROOT; };
		191CF48DD18A40D7B885C97A /* /Users/luongtoi/Documents/Projects/CasioEmuMsvc/CasioEmuMsvc/SDL_image/src/IMG_pnm.c */ = {isa = PBXFileReference; explicitFileType = sourcecode.c.c; fileEncoding = 4; name = IMG_pnm.c; path = src/IMG_pnm.c; sourceTree = SOURCE_ROOT; };
		213B4216B1474C10B640F8FA /* /Users/luongtoi/Documents/Projects/CasioEmuMsvc/CasioEmuMsvc/SDL_image/src/IMG_stb.c */ = {isa = PBXFileReference; explicitFileType = sourcecode.c.c; fileEncoding = 4; name = IMG_stb.c; path = src/IMG_stb.c; sourceTree = SOURCE_ROOT; };
		23C022E5459049C9AC975BEF /* /Users/luongtoi/Documents/Projects/CasioEmuMsvc/CasioEmuMsvc/SDL_image/src/IMG_jpg.c */ = {isa = PBXFileReference; explicitFileType = sourcecode.c.c; fileEncoding = 4; name = IMG_jpg.c; path = src/IMG_jpg.c; sourceTree = SOURCE_ROOT; };
		28B7AF0EF1D447E4803D6629 /* /Users/luongtoi/Documents/Projects/CasioEmuMsvc/CasioEmuMsvc/SDL_image/src/IMG_bmp.c */ = {isa = PBXFileReference; explicitFileType = sourcecode.c.c; fileEncoding = 4; name = IMG_bmp.c; path = src/IMG_bmp.c; sourceTree = SOURCE_ROOT; };
		36B79901EDDD411C86B15396 /* /Users/luongtoi/Documents/Projects/CasioEmuMsvc/CasioEmuMsvc/SDL_image/src/IMG_webp.c */ = {isa = PBXFileReference; explicitFileType = sourcecode.c.c; fileEncoding = 4; name = IMG_webp.c; path = src/IMG_webp.c; sourceTree = SOURCE_ROOT; };
		55446A3D00734A1E88AB1D9B /* /Users/luongtoi/Documents/Projects/CasioEmuMsvc/CasioEmuMsvc/SDL_image/src/IMG_lbm.c */ = {isa = PBXFileReference; explicitFileType = sourcecode.c.c; fileEncoding = 4; name = IMG_lbm.c; path = src/IMG_lbm.c; sourceTree = SOURCE_ROOT; };
		6016D92AF37545E3851B496A /* /Users/luongtoi/Documents/Projects/CasioEmuMsvc/CasioEmuMsvc/SDL_image/src/IMG_tga.c */ = {isa = PBXFileReference; explicitFileType = sourcecode.c.c; fileEncoding = 4; name = IMG_tga.c; path = src/IMG_tga.c; sourceTree = SOURCE_ROOT; };
		618D0C0A4945477B859DBAC9 /* /Users/luongtoi/Documents/Projects/CasioEmuMsvc/CasioEmuMsvc/SDL_image/CMakeLists.txt */ = {isa = PBXFileReference; explicitFileType = sourcecode.text; fileEncoding = 4; name = CMakeLists.txt; path = CMakeLists.txt; sourceTree = SOURCE_ROOT; };
		685F6D4994B2453C8EE6905F /* /Users/luongtoi/Documents/Projects/CasioEmuMsvc/CasioEmuMsvc/SDL_image/src/IMG_qoi.c */ = {isa = PBXFileReference; explicitFileType = sourcecode.c.c; fileEncoding = 4; name = IMG_qoi.c; path = src/IMG_qoi.c; sourceTree = SOURCE_ROOT; };
		7A8B5242930B4093B815C18B /* /Users/luongtoi/Documents/Projects/CasioEmuMsvc/CasioEmuMsvc/SDL_image/src/IMG_xv.c */ = {isa = PBXFileReference; explicitFileType = sourcecode.c.c; fileEncoding = 4; name = IMG_xv.c; path = src/IMG_xv.c; sourceTree = SOURCE_ROOT; };
		7BC0E27D436145EBAE48BCC7 /* /Users/luongtoi/Documents/Projects/CasioEmuMsvc/CasioEmuMsvc/SDL_image/src/IMG_tif.c */ = {isa = PBXFileReference; explicitFileType = sourcecode.c.c; fileEncoding = 4; name = IMG_tif.c; path = src/IMG_tif.c; sourceTree = SOURCE_ROOT; };
		95AD6236E14A472299551DDB /* /Users/luongtoi/Documents/Projects/CasioEmuMsvc/CasioEmuMsvc/SDL_image/src/IMG_xpm.c */ = {isa = PBXFileReference; explicitFileType = sourcecode.c.c; fileEncoding = 4; name = IMG_xpm.c; path = src/IMG_xpm.c; sourceTree = SOURCE_ROOT; };
		9E0FDF55547B438C9A0488E0 /* /Users/luongtoi/Documents/Projects/CasioEmuMsvc/CasioEmuMsvc/SDL_image/src/IMG_png.c */ = {isa = PBXFileReference; explicitFileType = sourcecode.c.c; fileEncoding = 4; name = IMG_png.c; path = src/IMG_png.c; sourceTree = SOURCE_ROOT; };
		AF13B6B8C0DA4B3C8924D6C5 /* /Users/luongtoi/Documents/Projects/CasioEmuMsvc/CasioEmuMsvc/SDL_image/src/IMG_WIC.c */ = {isa = PBXFileReference; explicitFileType = sourcecode.c.c; fileEncoding = 4; name = IMG_WIC.c; path = src/IMG_WIC.c; sourceTree = SOURCE_ROOT; };
		B27FBEBD14514E858964C8E7 /* /Users/luongtoi/Documents/Projects/CasioEmuMsvc/CasioEmuMsvc/SDL_image/src/IMG_jxl.c */ = {isa = PBXFileReference; explicitFileType = sourcecode.c.c; fileEncoding = 4; name = IMG_jxl.c; path = src/IMG_jxl.c; sourceTree = SOURCE_ROOT; };
		BB610259C659478480E38BD1 /* SDL2_image */ = {isa = PBXFileReference; explicitFileType = archive.ar; path = libSDL2_imaged.a; sourceTree = BUILT_PRODUCTS_DIR; };
		CA9BDEADCAE846EBB3B4E97C /* /Users/luongtoi/Documents/Projects/CasioEmuMsvc/CasioEmuMsvc/SDL_image/src/IMG_avif.c */ = {isa = PBXFileReference; explicitFileType = sourcecode.c.c; fileEncoding = 4; name = IMG_avif.c; path = src/IMG_avif.c; sourceTree = SOURCE_ROOT; };
		D82320E7099847F9821888D9 /* /Users/luongtoi/Documents/Projects/CasioEmuMsvc/CasioEmuMsvc/SDL_image/src/IMG_gif.c */ = {isa = PBXFileReference; explicitFileType = sourcecode.c.c; fileEncoding = 4; name = IMG_gif.c; path = src/IMG_gif.c; sourceTree = SOURCE_ROOT; };
		D8B1190CEBAB488F91211D1F /* /Users/luongtoi/Documents/Projects/CasioEmuMsvc/CasioEmuMsvc/SDL_image/src/IMG_ImageIO.m */ = {isa = PBXFileReference; explicitFileType = sourcecode.c.objc; fileEncoding = 4; name = IMG_ImageIO.m; path = src/IMG_ImageIO.m; sourceTree = SOURCE_ROOT; };
		DEAD99DFE1524D8898A41DF6 /* /Users/luongtoi/Documents/Projects/CasioEmuMsvc/CasioEmuMsvc/build-ios/SDL_image/CMakeFiles/SDL2_image.dir/Info.plist */ = {isa = PBXFileReference; explicitFileType = sourcecode.text.plist; fileEncoding = 4; name = Info.plist; path = "/Users/luongtoi/Documents/Projects/CasioEmuMsvc/CasioEmuMsvc/build-ios/SDL_image/CMakeFiles/SDL2_image.dir/Info.plist"; sourceTree = "<absolute>"; };
		E11FD320FBD9483DA261432A /* /Users/luongtoi/Documents/Projects/CasioEmuMsvc/CasioEmuMsvc/SDL_image/src/IMG.c */ = {isa = PBXFileReference; explicitFileType = sourcecode.c.c; fileEncoding = 4; name = IMG.c; path = src/IMG.c; sourceTree = SOURCE_ROOT; };
		E83FC4364C274EF1A44FCBC0 /* /Users/luongtoi/Documents/Projects/CasioEmuMsvc/CasioEmuMsvc/SDL_image/src/IMG_xcf.c */ = {isa = PBXFileReference; explicitFileType = sourcecode.c.c; fileEncoding = 4; name = IMG_xcf.c; path = src/IMG_xcf.c; sourceTree = SOURCE_ROOT; };
		F29C0C67783D4040A661CAEB /* /Users/luongtoi/Documents/Projects/CasioEmuMsvc/CasioEmuMsvc/SDL_image/src/IMG_pcx.c */ = {isa = PBXFileReference; explicitFileType = sourcecode.c.c; fileEncoding = 4; name = IMG_pcx.c; path = src/IMG_pcx.c; sourceTree = SOURCE_ROOT; };
/* End PBXFileReference section */

/* Begin PBXFrameworksBuildPhase section */
		978E3B6CF5EF4319ACB1BECB /* Frameworks */ = {
			isa = PBXFrameworksBuildPhase;
			buildActionMask = 2147483647;
			files = (
			);
			runOnlyForDeploymentPostprocessing = 0;
		};
/* End PBXFrameworksBuildPhase section */

/* Begin PBXGroup section */
		0246B7CD6A1D40C5BDCFFFFF /* Resources */ = {
			isa = PBXGroup;
			children = (
			);
			name = Resources;
			sourceTree = "<group>";
		};
		0ADE2F3806234D6B8FD9C27D /* SDL2_image */ = {
			isa = PBXGroup;
			children = (
				C217F41E2329447AB3B8A93C /* Resources */,
				636414E1306E47E3BDB790B2 /* Source Files */,
				618D0C0A4945477B859DBAC9 /* /Users/luongtoi/Documents/Projects/CasioEmuMsvc/CasioEmuMsvc/SDL_image/CMakeLists.txt */,
			);
			name = SDL2_image;
			sourceTree = "<group>";
		};
		636414E1306E47E3BDB790B2 /* Source Files */ = {
			isa = PBXGroup;
			children = (
				E11FD320FBD9483DA261432A /* /Users/luongtoi/Documents/Projects/CasioEmuMsvc/CasioEmuMsvc/SDL_image/src/IMG.c */,
				D8B1190CEBAB488F91211D1F /* /Users/luongtoi/Documents/Projects/CasioEmuMsvc/CasioEmuMsvc/SDL_image/src/IMG_ImageIO.m */,
				AF13B6B8C0DA4B3C8924D6C5 /* /Users/luongtoi/Documents/Projects/CasioEmuMsvc/CasioEmuMsvc/SDL_image/src/IMG_WIC.c */,
				CA9BDEADCAE846EBB3B4E97C /* /Users/luongtoi/Documents/Projects/CasioEmuMsvc/CasioEmuMsvc/SDL_image/src/IMG_avif.c */,
				28B7AF0EF1D447E4803D6629 /* /Users/luongtoi/Documents/Projects/CasioEmuMsvc/CasioEmuMsvc/SDL_image/src/IMG_bmp.c */,
				D82320E7099847F9821888D9 /* /Users/luongtoi/Documents/Projects/CasioEmuMsvc/CasioEmuMsvc/SDL_image/src/IMG_gif.c */,
				23C022E5459049C9AC975BEF /* /Users/luongtoi/Documents/Projects/CasioEmuMsvc/CasioEmuMsvc/SDL_image/src/IMG_jpg.c */,
				B27FBEBD14514E858964C8E7 /* /Users/luongtoi/Documents/Projects/CasioEmuMsvc/CasioEmuMsvc/SDL_image/src/IMG_jxl.c */,
				55446A3D00734A1E88AB1D9B /* /Users/luongtoi/Documents/Projects/CasioEmuMsvc/CasioEmuMsvc/SDL_image/src/IMG_lbm.c */,
				F29C0C67783D4040A661CAEB /* /Users/luongtoi/Documents/Projects/CasioEmuMsvc/CasioEmuMsvc/SDL_image/src/IMG_pcx.c */,
				9E0FDF55547B438C9A0488E0 /* /Users/luongtoi/Documents/Projects/CasioEmuMsvc/CasioEmuMsvc/SDL_image/src/IMG_png.c */,
				191CF48DD18A40D7B885C97A /* /Users/luongtoi/Documents/Projects/CasioEmuMsvc/CasioEmuMsvc/SDL_image/src/IMG_pnm.c */,
				685F6D4994B2453C8EE6905F /* /Users/luongtoi/Documents/Projects/CasioEmuMsvc/CasioEmuMsvc/SDL_image/src/IMG_qoi.c */,
				213B4216B1474C10B640F8FA /* /Users/luongtoi/Documents/Projects/CasioEmuMsvc/CasioEmuMsvc/SDL_image/src/IMG_stb.c */,
				01C972ADE1514B7AB9D0964B /* /Users/luongtoi/Documents/Projects/CasioEmuMsvc/CasioEmuMsvc/SDL_image/src/IMG_svg.c */,
				6016D92AF37545E3851B496A /* /Users/luongtoi/Documents/Projects/CasioEmuMsvc/CasioEmuMsvc/SDL_image/src/IMG_tga.c */,
				7BC0E27D436145EBAE48BCC7 /* /Users/luongtoi/Documents/Projects/CasioEmuMsvc/CasioEmuMsvc/SDL_image/src/IMG_tif.c */,
				36B79901EDDD411C86B15396 /* /Users/luongtoi/Documents/Projects/CasioEmuMsvc/CasioEmuMsvc/SDL_image/src/IMG_webp.c */,
				E83FC4364C274EF1A44FCBC0 /* /Users/luongtoi/Documents/Projects/CasioEmuMsvc/CasioEmuMsvc/SDL_image/src/IMG_xcf.c */,
				95AD6236E14A472299551DDB /* /Users/luongtoi/Documents/Projects/CasioEmuMsvc/CasioEmuMsvc/SDL_image/src/IMG_xpm.c */,
				7A8B5242930B4093B815C18B /* /Users/luongtoi/Documents/Projects/CasioEmuMsvc/CasioEmuMsvc/SDL_image/src/IMG_xv.c */,
			);
			name = "Source Files";
			sourceTree = "<group>";
		};
		6D62EE89617C42A3B3568A26 = {
			isa = PBXGroup;
			children = (
				BB3F18F00B344FBBB10E57B5 /* ALL_BUILD */,
				0ADE2F3806234D6B8FD9C27D /* SDL2_image */,
				C51B0181FC534D3DA103B4DA /* Products */,
				D1493771A536440A89D8305E /* Frameworks */,
				0246B7CD6A1D40C5BDCFFFFF /* Resources */,
			);
			sourceTree = "<group>";
		};
		BB3F18F00B344FBBB10E57B5 /* ALL_BUILD */ = {
			isa = PBXGroup;
			children = (
				D19A64244A094D57B703CD45 /* CMake Rules */,
				16763D514D754E5AA44200E8 /* /Users/luongtoi/Documents/Projects/CasioEmuMsvc/CasioEmuMsvc/SDL_image/CMakeLists.txt */,
			);
			name = ALL_BUILD;
			sourceTree = "<group>";
		};
		C217F41E2329447AB3B8A93C /* Resources */ = {
			isa = PBXGroup;
			children = (
				DEAD99DFE1524D8898A41DF6 /* /Users/luongtoi/Documents/Projects/CasioEmuMsvc/CasioEmuMsvc/build-ios/SDL_image/CMakeFiles/SDL2_image.dir/Info.plist */,
			);
			name = Resources;
			sourceTree = "<group>";
		};
		C51B0181FC534D3DA103B4DA /* Products */ = {
			isa = PBXGroup;
			children = (
				BB610259C659478480E38BD1 /* SDL2_image */,
			);
			name = Products;
			sourceTree = "<group>";
		};
		D1493771A536440A89D8305E /* Frameworks */ = {
			isa = PBXGroup;
			children = (
			);
			name = Frameworks;
			sourceTree = "<group>";
		};
		D19A64244A094D57B703CD45 /* CMake Rules */ = {
			isa = PBXGroup;
			children = (
			);
			name = "CMake Rules";
			sourceTree = "<group>";
		};
/* End PBXGroup section */

/* Begin PBXNativeTarget section */
		18C3C075E0002271A1392EC8 /* SDL2_image */ = {
			isa = PBXNativeTarget;
			buildConfigurationList = 52CD8B3CC5C0456D9AE16437 /* Build configuration list for PBXNativeTarget "SDL2_image" */;
			buildPhases = (
				6655222BAC2F4F6F930E2DDF /* Sources */,
				978E3B6CF5EF4319ACB1BECB /* Frameworks */,
			);
			buildRules = (
			);
			dependencies = (
				F7D24C97DDD44BF7BFE33DB2 /* PBXTargetDependency */,
			);
			name = SDL2_image;
			productName = SDL2_image;
			productReference = BB610259C659478480E38BD1 /* SDL2_image */;
			productType = "com.apple.product-type.library.static";
		};
/* End PBXNativeTarget section */

/* Begin PBXProject section */
		084B30AB65D64AB0B32F24AB /* Project object */ = {
			isa = PBXProject;
			attributes = {
				BuildIndependentTargetsInParallel = YES;
				LastUpgradeCheck = 2650;
			};
			buildConfigurationList = B2EE343FE67C4128B5320B94 /* Build configuration list for PBXProject "SDL2_image" */;
			buildSettings = {
			};
			buildStyles = (
				86F1B7B2864B40888241F2ED /* Debug */,
				0678160E9C76498C9BC1E434 /* Release */,
				524281C754FC4FEDA269F1B0 /* MinSizeRel */,
				3A1D120D392D4441902994B3 /* RelWithDebInfo */,
			);
			compatibilityVersion = "Xcode 3.2";
			hasScannedForEncodings = 0;
			mainGroup = 6D62EE89617C42A3B3568A26;
			projectDirPath = /Users/luongtoi/Documents/Projects/CasioEmuMsvc/CasioEmuMsvc/SDL_image;
			projectRoot = "";
			targets = (
				20C7654FB5A131681F032808 /* ALL_BUILD */,
				76351EAF27738D823F143E07 /* package */,
				18C3C075E0002271A1392EC8 /* SDL2_image */,
				F2AF4B7EB06B3A8C4CFCA8C9 /* ZERO_CHECK */,
			);
		};
/* End PBXProject section */

/* Begin PBXShellScriptBuildPhase section */
		17430E5CCE4A278FBC250714 /* Generate CMakeFiles/ALL_BUILD */ = {
			isa = PBXShellScriptBuildPhase;
			alwaysOutOfDate = 1;
			buildActionMask = 2147483647;
			files = (
			);
			inputPaths = (
			);
			name = "Generate CMakeFiles/ALL_BUILD";
			outputPaths = (
"/Users/luongtoi/Documents/Projects/CasioEmuMsvc/CasioEmuMsvc/build-ios/SDL_image/CMakeFiles/ALL_BUILD"			);
			runOnlyForDeploymentPostprocessing = 0;
			shellPath = /bin/sh;
			shellScript = "set -e
if test \"$CONFIGURATION\" = \"Debug\"; then :
  cd /Users/luongtoi/Documents/Projects/CasioEmuMsvc/CasioEmuMsvc/build-ios/SDL_image
  echo Build\\ all\\ projects
fi
if test \"$CONFIGURATION\" = \"Release\"; then :
  cd /Users/luongtoi/Documents/Projects/CasioEmuMsvc/CasioEmuMsvc/build-ios/SDL_image
  echo Build\\ all\\ projects
fi
if test \"$CONFIGURATION\" = \"MinSizeRel\"; then :
  cd /Users/luongtoi/Documents/Projects/CasioEmuMsvc/CasioEmuMsvc/build-ios/SDL_image
  echo Build\\ all\\ projects
fi
if test \"$CONFIGURATION\" = \"RelWithDebInfo\"; then :
  cd /Users/luongtoi/Documents/Projects/CasioEmuMsvc/CasioEmuMsvc/build-ios/SDL_image
  echo Build\\ all\\ projects
fi
";
			showEnvVarsInLog = 0;
		};
		3C0110FC8322DE7E50886E21 = {
			isa = PBXShellScriptBuildPhase;
			buildActionMask = 2147483647;
			files = (
			);
			inputPaths = (
			);
			outputPaths = (
			);
			runOnlyForDeploymentPostprocessing = 0;
			shellPath = /bin/sh;
			shellScript = "# shell script goes here
exit 0";
			showEnvVarsInLog = 0;
		};
		571234464C2A5D0D43F1AB42 /* CMake PostBuild Rules */ = {
			isa = PBXShellScriptBuildPhase;
			alwaysOutOfDate = 1;
			buildActionMask = 2147483647;
			files = (
			);
			inputPaths = (
			);
			name = "CMake PostBuild Rules";
			outputPaths = (
			);
			runOnlyForDeploymentPostprocessing = 0;
			shellPath = /bin/sh;
			shellScript = "set -e
if test \"$CONFIGURATION\" = \"Debug\"; then :
  cd /Users/luongtoi/Documents/Projects/CasioEmuMsvc/CasioEmuMsvc/build-ios
  /usr/local/bin/cpack -C $CONFIGURATION$EFFECTIVE_PLATFORM_NAME --config ./CPackConfig.cmake
fi
if test \"$CONFIGURATION\" = \"Release\"; then :
  cd /Users/luongtoi/Documents/Projects/CasioEmuMsvc/CasioEmuMsvc/build-ios
  /usr/local/bin/cpack -C $CONFIGURATION$EFFECTIVE_PLATFORM_NAME --config ./CPackConfig.cmake
fi
if test \"$CONFIGURATION\" = \"MinSizeRel\"; then :
  cd /Users/luongtoi/Documents/Projects/CasioEmuMsvc/CasioEmuMsvc/build-ios
  /usr/local/bin/cpack -C $CONFIGURATION$EFFECTIVE_PLATFORM_NAME --config ./CPackConfig.cmake
fi
if test \"$CONFIGURATION\" = \"RelWithDebInfo\"; then :
  cd /Users/luongtoi/Documents/Projects/CasioEmuMsvc/CasioEmuMsvc/build-ios
  /usr/local/bin/cpack -C $CONFIGURATION$EFFECTIVE_PLATFORM_NAME --config ./CPackConfig.cmake
fi
";
			showEnvVarsInLog = 0;
		};
		661D9C604B3B91332E7543CC = {
			isa = PBXShellScriptBuildPhase;
			buildActionMask = 2147483647;
			files = (
			);
			inputPaths = (
			);
			outputPaths = (
			);
			runOnlyForDeploymentPostprocessing = 0;
			shellPath = /bin/sh;
			shellScript = "# shell script goes here
exit 0";
			showEnvVarsInLog = 0;
		};
		7D4CC86D354F733F16706B84 /* Generate CMakeFiles/ZERO_CHECK */ = {
			isa = PBXShellScriptBuildPhase;
			alwaysOutOfDate = 1;
			buildActionMask = 2147483647;
			files = (
			);
			inputPaths = (
			);
			name = "Generate CMakeFiles/ZERO_CHECK";
			outputPaths = (
"/Users/luongtoi/Documents/Projects/CasioEmuMsvc/CasioEmuMsvc/build-ios/SDL_image/CMakeFiles/ZERO_CHECK"			);
			runOnlyForDeploymentPostprocessing = 0;
			shellPath = /bin/sh;
			shellScript = "set -e
if test \"$CONFIGURATION\" = \"Debug\"; then :
  cd /Users/luongtoi/Documents/Projects/CasioEmuMsvc/CasioEmuMsvc/build-ios/SDL_image
  make -f /Users/luongtoi/Documents/Projects/CasioEmuMsvc/CasioEmuMsvc/build-ios/SDL_image/CMakeScripts/ReRunCMake.make
fi
if test \"$CONFIGURATION\" = \"Release\"; then :
  cd /Users/luongtoi/Documents/Projects/CasioEmuMsvc/CasioEmuMsvc/build-ios/SDL_image
  make -f /Users/luongtoi/Documents/Projects/CasioEmuMsvc/CasioEmuMsvc/build-ios/SDL_image/CMakeScripts/ReRunCMake.make
fi
if test \"$CONFIGURATION\" = \"MinSizeRel\"; then :
  cd /Users/luongtoi/Documents/Projects/CasioEmuMsvc/CasioEmuMsvc/build-ios/SDL_image
  make -f /Users/luongtoi/Documents/Projects/CasioEmuMsvc/CasioEmuMsvc/build-ios/SDL_image/CMakeScripts/ReRunCMake.make
fi
if test \"$CONFIGURATION\" = \"RelWithDebInfo\"; then :
  cd /Users/luongtoi/Documents/Projects/CasioEmuMsvc/CasioEmuMsvc/build-ios/SDL_image
  make -f /Users/luongtoi/Documents/Projects/CasioEmuMsvc/CasioEmuMsvc/build-ios/SDL_image/CMakeScripts/ReRunCMake.make
fi
";
			showEnvVarsInLog = 0;
		};
		9B50530E35CC49C82C2FACCF = {
			isa = PBXShellScriptBuildPhase;
			buildActionMask = 2147483647;
			files = (
			);
			inputPaths = (
			);
			outputPaths = (
			);
			runOnlyForDeploymentPostprocessing = 0;
			shellPath = /bin/sh;
			shellScript = "# shell script goes here
exit 0";
			showEnvVarsInLog = 0;
		};
/* End PBXShellScriptBuildPhase section */

/* Begin PBXSourcesBuildPhase section */
		6655222BAC2F4F6F930E2DDF /* Sources */ = {
			isa = PBXSourcesBuildPhase;
			buildActionMask = 2147483647;
			files = (
				3905E0EEFF3542BDBB51A886 /* /Users/luongtoi/Documents/Projects/CasioEmuMsvc/CasioEmuMsvc/SDL_image/src/IMG.c */,
				876D07D52C584A50BA56B885 /* /Users/luongtoi/Documents/Projects/CasioEmuMsvc/CasioEmuMsvc/SDL_image/src/IMG_ImageIO.m */,
				057AE35087254163957B9BD3 /* /Users/luongtoi/Documents/Projects/CasioEmuMsvc/CasioEmuMsvc/SDL_image/src/IMG_WIC.c */,
				7339998A2173455D8EF93643 /* /Users/luongtoi/Documents/Projects/CasioEmuMsvc/CasioEmuMsvc/SDL_image/src/IMG_avif.c */,
				9B5EA722B9DA466399427126 /* /Users/luongtoi/Documents/Projects/CasioEmuMsvc/CasioEmuMsvc/SDL_image/src/IMG_bmp.c */,
				AD19A564CFB44765A482BBB3 /* /Users/luongtoi/Documents/Projects/CasioEmuMsvc/CasioEmuMsvc/SDL_image/src/IMG_gif.c */,
				C2C2CF8EE03E4D508F8E98F5 /* /Users/luongtoi/Documents/Projects/CasioEmuMsvc/CasioEmuMsvc/SDL_image/src/IMG_jpg.c */,
				A79A931C10D840BDB2122065 /* /Users/luongtoi/Documents/Projects/CasioEmuMsvc/CasioEmuMsvc/SDL_image/src/IMG_jxl.c */,
				A8A2763DA20B49DDA829756A /* /Users/luongtoi/Documents/Projects/CasioEmuMsvc/CasioEmuMsvc/SDL_image/src/IMG_lbm.c */,
				44FE8301D212416FBFFE207A /* /Users/luongtoi/Documents/Projects/CasioEmuMsvc/CasioEmuMsvc/SDL_image/src/IMG_pcx.c */,
				937D2409E13440EF94C273DB /* /Users/luongtoi/Documents/Projects/CasioEmuMsvc/CasioEmuMsvc/SDL_image/src/IMG_png.c */,
				F9AE56293079448E8AE045ED /* /Users/luongtoi/Documents/Projects/CasioEmuMsvc/CasioEmuMsvc/SDL_image/src/IMG_pnm.c */,
				6DB2EF321FF745D8AD4BCF73 /* /Users/luongtoi/Documents/Projects/CasioEmuMsvc/CasioEmuMsvc/SDL_image/src/IMG_qoi.c */,
				B46C2F9F7BD343FE803EEC76 /* /Users/luongtoi/Documents/Projects/CasioEmuMsvc/CasioEmuMsvc/SDL_image/src/IMG_stb.c */,
				D9662818295A490DAED85670 /* /Users/luongtoi/Documents/Projects/CasioEmuMsvc/CasioEmuMsvc/SDL_image/src/IMG_svg.c */,
				66ED83EEF6504BEA8B84068C /* /Users/luongtoi/Documents/Projects/CasioEmuMsvc/CasioEmuMsvc/SDL_image/src/IMG_tga.c */,
				6F97E38E2A5C421BB4D6738C /* /Users/luongtoi/Documents/Projects/CasioEmuMsvc/CasioEmuMsvc/SDL_image/src/IMG_tif.c */,
				C67133D51F3A482FA15BF6E9 /* /Users/luongtoi/Documents/Projects/CasioEmuMsvc/CasioEmuMsvc/SDL_image/src/IMG_webp.c */,
				45DF4EE135F44FF3A2FB52B2 /* /Users/luongtoi/Documents/Projects/CasioEmuMsvc/CasioEmuMsvc/SDL_image/src/IMG_xcf.c */,
				234E406E68F54DF98748378A /* /Users/luongtoi/Documents/Projects/CasioEmuMsvc/CasioEmuMsvc/SDL_image/src/IMG_xpm.c */,
				3615A91A9E174E7289EC83E6 /* /Users/luongtoi/Documents/Projects/CasioEmuMsvc/CasioEmuMsvc/SDL_image/src/IMG_xv.c */,
			);
			runOnlyForDeploymentPostprocessing = 0;
		};
/* End PBXSourcesBuildPhase section */

/* Begin PBXTargetDependency section */
		B47ED6A58FB642BE84F7166D /* PBXTargetDependency */ = {
			isa = PBXTargetDependency;
			target = 18C3C075E0002271A1392EC8 /* SDL2_image */;
			targetProxy = EB0A224D6C71434C93178B68 /* PBXContainerItemProxy */;
		};
		E5DE51FCC8D34A6BAEFF104A /* PBXTargetDependency */ = {
			isa = PBXTargetDependency;
			target = F2AF4B7EB06B3A8C4CFCA8C9 /* ZERO_CHECK */;
			targetProxy = 73E338845DBD4F0690F41F27 /* PBXContainerItemProxy */;
		};
		EA3AA93FAA594020A555C71D /* PBXTargetDependency */ = {
			isa = PBXTargetDependency;
			target = 20C7654FB5A131681F032808 /* ALL_BUILD */;
			targetProxy = 2CE8FA6043CA4605ADA599AC /* PBXContainerItemProxy */;
		};
		F7D24C97DDD44BF7BFE33DB2 /* PBXTargetDependency */ = {
			isa = PBXTargetDependency;
			target = F2AF4B7EB06B3A8C4CFCA8C9 /* ZERO_CHECK */;
			targetProxy = 70F21473CD9F4A66B2EC2480 /* PBXContainerItemProxy */;
		};
/* End PBXTargetDependency section */

/* Begin XCBuildConfiguration section */
		016D0FDABE394EC89EEE2E39 /* Debug */ = {
			isa = XCBuildConfiguration;
			buildSettings = {
				ALWAYS_SEARCH_USER_PATHS = NO;
				COMBINE_HIDPI_IMAGES = YES;
				GCC_GENERATE_DEBUGGING_SYMBOLS = YES;
				GCC_INLINES_ARE_PRIVATE_EXTERN = NO;
				GCC_OPTIMIZATION_LEVEL = 0;
				GCC_PREPROCESSOR_DEFINITIONS = ("'CMAKE_INTDIR=\"$(CONFIGURATION)$(EFFECTIVE_PLATFORM_NAME)\"'","$(inherited)");
				GCC_SYMBOLS_PRIVATE_EXTERN = NO;
				INSTALL_PATH = "";
				OTHER_LDFLAGS = ("","$(inherited)");
				OTHER_REZFLAGS = "";
				PRODUCT_NAME = ALL_BUILD;
				SECTORDER_FLAGS = "";
				USE_HEADERMAP = NO;
				WARNING_CFLAGS = ("$(inherited)");
			};
			name = Debug;
		};
		10B16C70D556424DB7F3B83E /* Debug */ = {
			isa = XCBuildConfiguration;
			buildSettings = {
				ALWAYS_SEARCH_USER_PATHS = NO;
				COMBINE_HIDPI_IMAGES = YES;
				GCC_GENERATE_DEBUGGING_SYMBOLS = YES;
				GCC_INLINES_ARE_PRIVATE_EXTERN = NO;
				GCC_OPTIMIZATION_LEVEL = 0;
				GCC_PREPROCESSOR_DEFINITIONS = ("'CMAKE_INTDIR=\"$(CONFIGURATION)$(EFFECTIVE_PLATFORM_NAME)\"'","$(inherited)");
				GCC_SYMBOLS_PRIVATE_EXTERN = NO;
				INSTALL_PATH = "";
				OTHER_LDFLAGS = ("","$(inherited)");
				OTHER_REZFLAGS = "";
				PRODUCT_NAME = package;
				SECTORDER_FLAGS = "";
				USE_HEADERMAP = NO;
				WARNING_CFLAGS = ("$(inherited)");
			};
			name = Debug;
		};
		21544D6ED3C9483BB83AA25E /* MinSizeRel */ = {
			isa = XCBuildConfiguration;
			buildSettings = {
				ALWAYS_SEARCH_USER_PATHS = NO;
				COMBINE_HIDPI_IMAGES = YES;
				CONFIGURATION_BUILD_DIR = "/Users/luongtoi/Documents/Projects/CasioEmuMsvc/CasioEmuMsvc/build-ios/SDL_image/MinSizeRel${EFFECTIVE_PLATFORM_NAME}";
				EXECUTABLE_PREFIX = lib;
				EXECUTABLE_SUFFIX = .a;
				GCC_GENERATE_DEBUGGING_SYMBOLS = NO;
				GCC_INLINES_ARE_PRIVATE_EXTERN = NO;
				GCC_OPTIMIZATION_LEVEL = s;
				GCC_PREPROCESSOR_DEFINITIONS = ("'CMAKE_INTDIR=\"$(CONFIGURATION)$(EFFECTIVE_PLATFORM_NAME)\"'",BUILD_SDL,"'SDL_BUILD_MAJOR_VERSION=2'","'SDL_BUILD_MINOR_VERSION=9'","'SDL_BUILD_MICRO_VERSION=0'",USE_STBIMAGE,LOAD_BMP,LOAD_GIF,LOAD_JPG,"'SDL_IMAGE_SAVE_JPG=1'",LOAD_LBM,LOAD_PCX,LOAD_PNG,"'SDL_IMAGE_SAVE_PNG=1'",LOAD_PNM,LOAD_QOI,LOAD_SVG,LOAD_TGA,LOAD_XCF,LOAD_XPM,LOAD_XV,"$(inherited)");
				GCC_SYMBOLS_PRIVATE_EXTERN = NO;
				HEADER_SEARCH_PATHS = (/Users/luongtoi/Documents/Projects/CasioEmuMsvc/CasioEmuMsvc/SDL_image/include,"/Users/luongtoi/Documents/Projects/CasioEmuMsvc/CasioEmuMsvc/build-ios/SDL/include","/Users/luongtoi/Documents/Projects/CasioEmuMsvc/CasioEmuMsvc/build-ios/SDL/include/SDL2","/Users/luongtoi/Documents/Projects/CasioEmuMsvc/CasioEmuMsvc/build-ios/SDL/include-config-minsizerel/SDL2","$(inherited)");
				INSTALL_PATH = "";
				LIBRARY_STYLE = STATIC;
				OTHER_CFLAGS = ("    -DNDEBUG -fPIC -fvisibility=hidden ","$(inherited)");
				OTHER_LIBTOOLFLAGS = ("");
				OTHER_REZFLAGS = "";
				PRODUCT_NAME = SDL2_image;
				SECTORDER_FLAGS = "";
				TARGET_TEMP_DIR = "/Users/luongtoi/Documents/Projects/CasioEmuMsvc/CasioEmuMsvc/build-ios/build/SDL2_image.build/$(CONFIGURATION)$(EFFECTIVE_PLATFORM_NAME)";
				USE_HEADERMAP = NO;
				WARNING_CFLAGS = ("$(inherited)");
			};
			name = MinSizeRel;
		};
		36234F80C1DC4EB4BD5C59DF /* RelWithDebInfo */ = {
			isa = XCBuildConfiguration;
			buildSettings = {
				ALWAYS_SEARCH_USER_PATHS = NO;
				COMBINE_HIDPI_IMAGES = YES;
				GCC_GENERATE_DEBUGGING_SYMBOLS = YES;
				GCC_INLINES_ARE_PRIVATE_EXTERN = NO;
				GCC_OPTIMIZATION_LEVEL = 0;
				GCC_PREPROCESSOR_DEFINITIONS = ("'CMAKE_INTDIR=\"$(CONFIGURATION)$(EFFECTIVE_PLATFORM_NAME)\"'","$(inherited)");
				GCC_SYMBOLS_PRIVATE_EXTERN = NO;
				INSTALL_PATH = "";
				OTHER_LDFLAGS = ("","$(inherited)");
				OTHER_REZFLAGS = "";
				PRODUCT_NAME = package;
				SECTORDER_FLAGS = "";
				USE_HEADERMAP = NO;
				WARNING_CFLAGS = ("$(inherited)");
			};
			name = RelWithDebInfo;
		};
		381BBEA2B7024EDBB80EEA08 /* Release */ = {
			isa = XCBuildConfiguration;
			buildSettings = {
				ALWAYS_SEARCH_USER_PATHS = NO;
				COMBINE_HIDPI_IMAGES = YES;
				CONFIGURATION_BUILD_DIR = "/Users/luongtoi/Documents/Projects/CasioEmuMsvc/CasioEmuMsvc/build-ios/SDL_image/Release${EFFECTIVE_PLATFORM_NAME}";
				EXECUTABLE_PREFIX = lib;
				EXECUTABLE_SUFFIX = .a;
				GCC_GENERATE_DEBUGGING_SYMBOLS = NO;
				GCC_INLINES_ARE_PRIVATE_EXTERN = NO;
				GCC_OPTIMIZATION_LEVEL = 3;
				GCC_PREPROCESSOR_DEFINITIONS = ("'CMAKE_INTDIR=\"$(CONFIGURATION)$(EFFECTIVE_PLATFORM_NAME)\"'",BUILD_SDL,"'SDL_BUILD_MAJOR_VERSION=2'","'SDL_BUILD_MINOR_VERSION=9'","'SDL_BUILD_MICRO_VERSION=0'",USE_STBIMAGE,LOAD_BMP,LOAD_GIF,LOAD_JPG,"'SDL_IMAGE_SAVE_JPG=1'",LOAD_LBM,LOAD_PCX,LOAD_PNG,"'SDL_IMAGE_SAVE_PNG=1'",LOAD_PNM,LOAD_QOI,LOAD_SVG,LOAD_TGA,LOAD_XCF,LOAD_XPM,LOAD_XV,"$(inherited)");
				GCC_SYMBOLS_PRIVATE_EXTERN = NO;
				HEADER_SEARCH_PATHS = (/Users/luongtoi/Documents/Projects/CasioEmuMsvc/CasioEmuMsvc/SDL_image/include,"/Users/luongtoi/Documents/Projects/CasioEmuMsvc/CasioEmuMsvc/build-ios/SDL/include","/Users/luongtoi/Documents/Projects/CasioEmuMsvc/CasioEmuMsvc/build-ios/SDL/include/SDL2","/Users/luongtoi/Documents/Projects/CasioEmuMsvc/CasioEmuMsvc/build-ios/SDL/include-config-release/SDL2","$(inherited)");
				INSTALL_PATH = "";
				LIBRARY_STYLE = STATIC;
				OTHER_CFLAGS = ("    -DNDEBUG -fPIC -fvisibility=hidden ","$(inherited)");
				OTHER_LIBTOOLFLAGS = ("");
				OTHER_REZFLAGS = "";
				PRODUCT_NAME = SDL2_image;
				SECTORDER_FLAGS = "";
				TARGET_TEMP_DIR = "/Users/luongtoi/Documents/Projects/CasioEmuMsvc/CasioEmuMsvc/build-ios/build/SDL2_image.build/$(CONFIGURATION)$(EFFECTIVE_PLATFORM_NAME)";
				USE_HEADERMAP = NO;
				WARNING_CFLAGS = ("$(inherited)");
			};
			name = Release;
		};
		39D32AB8B6F843F6B304A058 /* Release */ = {
			isa = XCBuildConfiguration;
			buildSettings = {
				ALWAYS_SEARCH_USER_PATHS = NO;
				COMBINE_HIDPI_IMAGES = YES;
				GCC_GENERATE_DEBUGGING_SYMBOLS = YES;
				GCC_INLINES_ARE_PRIVATE_EXTERN = NO;
				GCC_OPTIMIZATION_LEVEL = 0;
				GCC_PREPROCESSOR_DEFINITIONS = ("'CMAKE_INTDIR=\"$(CONFIGURATION)$(EFFECTIVE_PLATFORM_NAME)\"'","$(inherited)");
				GCC_SYMBOLS_PRIVATE_EXTERN = NO;
				INSTALL_PATH = "";
				OTHER_LDFLAGS = ("","$(inherited)");
				OTHER_REZFLAGS = "";
				PRODUCT_NAME = ALL_BUILD;
				SECTORDER_FLAGS = "";
				USE_HEADERMAP = NO;
				WARNING_CFLAGS = ("$(inherited)");
			};
			name = Release;
		};
		4473D308DF124055BF26B470 /* Debug */ = {
			isa = XCBuildConfiguration;
			buildSettings = {
				ALWAYS_SEARCH_USER_PATHS = NO;
				COMBINE_HIDPI_IMAGES = YES;
				CONFIGURATION_BUILD_DIR = "/Users/luongtoi/Documents/Projects/CasioEmuMsvc/CasioEmuMsvc/build-ios/SDL_image/Debug${EFFECTIVE_PLATFORM_NAME}";
				EXECUTABLE_PREFIX = lib;
				EXECUTABLE_SUFFIX = .a;
				GCC_GENERATE_DEBUGGING_SYMBOLS = YES;
				GCC_INLINES_ARE_PRIVATE_EXTERN = NO;
				GCC_OPTIMIZATION_LEVEL = 0;
				GCC_PREPROCESSOR_DEFINITIONS = ("'CMAKE_INTDIR=\"$(CONFIGURATION)$(EFFECTIVE_PLATFORM_NAME)\"'",BUILD_SDL,"'SDL_BUILD_MAJOR_VERSION=2'","'SDL_BUILD_MINOR_VERSION=9'","'SDL_BUILD_MICRO_VERSION=0'",USE_STBIMAGE,LOAD_BMP,LOAD_GIF,LOAD_JPG,"'SDL_IMAGE_SAVE_JPG=1'",LOAD_LBM,LOAD_PCX,LOAD_PNG,"'SDL_IMAGE_SAVE_PNG=1'",LOAD_PNM,LOAD_QOI,LOAD_SVG,LOAD_TGA,LOAD_XCF,LOAD_XPM,LOAD_XV,"$(inherited)");
				GCC_SYMBOLS_PRIVATE_EXTERN = NO;
				HEADER_SEARCH_PATHS = (/Users/luongtoi/Documents/Projects/CasioEmuMsvc/CasioEmuMsvc/SDL_image/include,"/Users/luongtoi/Documents/Projects/CasioEmuMsvc/CasioEmuMsvc/build-ios/SDL/include","/Users/luongtoi/Documents/Projects/CasioEmuMsvc/CasioEmuMsvc/build-ios/SDL/include/SDL2","/Users/luongtoi/Documents/Projects/CasioEmuMsvc/CasioEmuMsvc/build-ios/SDL/include-config-debug/SDL2","$(inherited)");
				INSTALL_PATH = "";
				LIBRARY_STYLE = STATIC;
				OTHER_CFLAGS = ("   -fPIC -fvisibility=hidden ","$(inherited)");
				OTHER_LIBTOOLFLAGS = ("");
				OTHER_REZFLAGS = "";
				PRODUCT_NAME = SDL2_imaged;
				SECTORDER_FLAGS = "";
				TARGET_TEMP_DIR = "/Users/luongtoi/Documents/Projects/CasioEmuMsvc/CasioEmuMsvc/build-ios/build/SDL2_image.build/$(CONFIGURATION)$(EFFECTIVE_PLATFORM_NAME)";
				USE_HEADERMAP = NO;
				WARNING_CFLAGS = ("$(inherited)");
			};
			name = Debug;
		};
		4B16DA71822D49D0AEA13596 /* Release */ = {
			isa = XCBuildConfiguration;
			buildSettings = {
				CODE_SIGN_STYLE = Automatic;
				IPHONEOS_DEPLOYMENT_TARGET = 14.0;
				ONLY_ACTIVE_ARCH = YES;
				SDKROOT = iphoneos;
				SWIFT_COMPILATION_MODE = wholemodule;
				SYMROOT = "/Users/luongtoi/Documents/Projects/CasioEmuMsvc/CasioEmuMsvc/build-ios/build";
			};
			name = Release;
		};
		4D6068756BA74C3D8E7FE8F1 /* RelWithDebInfo */ = {
			isa = XCBuildConfiguration;
			buildSettings = {
				CODE_SIGN_STYLE = Automatic;
				IPHONEOS_DEPLOYMENT_TARGET = 14.0;
				ONLY_ACTIVE_ARCH = YES;
				SDKROOT = iphoneos;
				SWIFT_COMPILATION_MODE = wholemodule;
				SYMROOT = "/Users/luongtoi/Documents/Projects/CasioEmuMsvc/CasioEmuMsvc/build-ios/build";
			};
			name = RelWithDebInfo;
		};
		54D9122FC53643459A0EBB1D /* RelWithDebInfo */ = {
			isa = XCBuildConfiguration;
			buildSettings = {
				ALWAYS_SEARCH_USER_PATHS = NO;
				COMBINE_HIDPI_IMAGES = YES;
				GCC_GENERATE_DEBUGGING_SYMBOLS = YES;
				GCC_INLINES_ARE_PRIVATE_EXTERN = NO;
				GCC_OPTIMIZATION_LEVEL = 0;
				GCC_PREPROCESSOR_DEFINITIONS = ("'CMAKE_INTDIR=\"$(CONFIGURATION)$(EFFECTIVE_PLATFORM_NAME)\"'","$(inherited)");
				GCC_SYMBOLS_PRIVATE_EXTERN = NO;
				INSTALL_PATH = "";
				OTHER_LDFLAGS = ("","$(inherited)");
				OTHER_REZFLAGS = "";
				PRODUCT_NAME = ZERO_CHECK;
				SECTORDER_FLAGS = "";
				USE_HEADERMAP = NO;
				WARNING_CFLAGS = ("$(inherited)");
			};
			name = RelWithDebInfo;
		};
		594DBC18423A4E938E670F7A /* Debug */ = {
			isa = XCBuildConfiguration;
			buildSettings = {
				CODE_SIGN_STYLE = Automatic;
				IPHONEOS_DEPLOYMENT_TARGET = 14.0;
				ONLY_ACTIVE_ARCH = YES;
				SDKROOT = iphoneos;
				SYMROOT = "/Users/luongtoi/Documents/Projects/CasioEmuMsvc/CasioEmuMsvc/build-ios/build";
			};
			name = Debug;
		};
		7768E00ECFEF4647B6E3C30E /* MinSizeRel */ = {
			isa = XCBuildConfiguration;
			buildSettings = {
				ALWAYS_SEARCH_USER_PATHS = NO;
				COMBINE_HIDPI_IMAGES = YES;
				GCC_GENERATE_DEBUGGING_SYMBOLS = YES;
				GCC_INLINES_ARE_PRIVATE_EXTERN = NO;
				GCC_OPTIMIZATION_LEVEL = 0;
				GCC_PREPROCESSOR_DEFINITIONS = ("'CMAKE_INTDIR=\"$(CONFIGURATION)$(EFFECTIVE_PLATFORM_NAME)\"'","$(inherited)");
				GCC_SYMBOLS_PRIVATE_EXTERN = NO;
				INSTALL_PATH = "";
				OTHER_LDFLAGS = ("","$(inherited)");
				OTHER_REZFLAGS = "";
				PRODUCT_NAME = package;
				SECTORDER_FLAGS = "";
				USE_HEADERMAP = NO;
				WARNING_CFLAGS = ("$(inherited)");
			};
			name = MinSizeRel;
		};
		78A920CD0CB54F0193FBC2A1 /* Release */ = {
			isa = XCBuildConfiguration;
			buildSettings = {
				ALWAYS_SEARCH_USER_PATHS = NO;
				COMBINE_HIDPI_IMAGES = YES;
				GCC_GENERATE_DEBUGGING_SYMBOLS = YES;
				GCC_INLINES_ARE_PRIVATE_EXTERN = NO;
				GCC_OPTIMIZATION_LEVEL = 0;
				GCC_PREPROCESSOR_DEFINITIONS = ("'CMAKE_INTDIR=\"$(CONFIGURATION)$(EFFECTIVE_PLATFORM_NAME)\"'","$(inherited)");
				GCC_SYMBOLS_PRIVATE_EXTERN = NO;
				INSTALL_PATH = "";
				OTHER_LDFLAGS = ("","$(inherited)");
				OTHER_REZFLAGS = "";
				PRODUCT_NAME = ZERO_CHECK;
				SECTORDER_FLAGS = "";
				USE_HEADERMAP = NO;
				WARNING_CFLAGS = ("$(inherited)");
			};
			name = Release;
		};
		95BF05CF64A94958931C24DA /* Release */ = {
			isa = XCBuildConfiguration;
			buildSettings = {
				ALWAYS_SEARCH_USER_PATHS = NO;
				COMBINE_HIDPI_IMAGES = YES;
				GCC_GENERATE_DEBUGGING_SYMBOLS = YES;
				GCC_INLINES_ARE_PRIVATE_EXTERN = NO;
				GCC_OPTIMIZATION_LEVEL = 0;
				GCC_PREPROCESSOR_DEFINITIONS = ("'CMAKE_INTDIR=\"$(CONFIGURATION)$(EFFECTIVE_PLATFORM_NAME)\"'","$(inherited)");
				GCC_SYMBOLS_PRIVATE_EXTERN = NO;
				INSTALL_PATH = "";
				OTHER_LDFLAGS = ("","$(inherited)");
				OTHER_REZFLAGS = "";
				PRODUCT_NAME = package;
				SECTORDER_FLAGS = "";
				USE_HEADERMAP = NO;
				WARNING_CFLAGS = ("$(inherited)");
			};
			name = Release;
		};
		AC7AB26D283541BC92AE11CF /* MinSizeRel */ = {
			isa = XCBuildConfiguration;
			buildSettings = {
				ALWAYS_SEARCH_USER_PATHS = NO;
				COMBINE_HIDPI_IMAGES = YES;
				GCC_GENERATE_DEBUGGING_SYMBOLS = YES;
				GCC_INLINES_ARE_PRIVATE_EXTERN = NO;
				GCC_OPTIMIZATION_LEVEL = 0;
				GCC_PREPROCESSOR_DEFINITIONS = ("'CMAKE_INTDIR=\"$(CONFIGURATION)$(EFFECTIVE_PLATFORM_NAME)\"'","$(inherited)");
				GCC_SYMBOLS_PRIVATE_EXTERN = NO;
				INSTALL_PATH = "";
				OTHER_LDFLAGS = ("","$(inherited)");
				OTHER_REZFLAGS = "";
				PRODUCT_NAME = ZERO_CHECK;
				SECTORDER_FLAGS = "";
				USE_HEADERMAP = NO;
				WARNING_CFLAGS = ("$(inherited)");
			};
			name = MinSizeRel;
		};
		B507DEA5232746C69E55F6D0 /* RelWithDebInfo */ = {
			isa = XCBuildConfiguration;
			buildSettings = {
				ALWAYS_SEARCH_USER_PATHS = NO;
				COMBINE_HIDPI_IMAGES = YES;
				GCC_GENERATE_DEBUGGING_SYMBOLS = YES;
				GCC_INLINES_ARE_PRIVATE_EXTERN = NO;
				GCC_OPTIMIZATION_LEVEL = 0;
				GCC_PREPROCESSOR_DEFINITIONS = ("'CMAKE_INTDIR=\"$(CONFIGURATION)$(EFFECTIVE_PLATFORM_NAME)\"'","$(inherited)");
				GCC_SYMBOLS_PRIVATE_EXTERN = NO;
				INSTALL_PATH = "";
				OTHER_LDFLAGS = ("","$(inherited)");
				OTHER_REZFLAGS = "";
				PRODUCT_NAME = ALL_BUILD;
				SECTORDER_FLAGS = "";
				USE_HEADERMAP = NO;
				WARNING_CFLAGS = ("$(inherited)");
			};
			name = RelWithDebInfo;
		};
		C31AE8FC864647E089D9A9F9 /* Debug */ = {
			isa = XCBuildConfiguration;
			buildSettings = {
				ALWAYS_SEARCH_USER_PATHS = NO;
				COMBINE_HIDPI_IMAGES = YES;
				GCC_GENERATE_DEBUGGING_SYMBOLS = YES;
				GCC_INLINES_ARE_PRIVATE_EXTERN = NO;
				GCC_OPTIMIZATION_LEVEL = 0;
				GCC_PREPROCESSOR_DEFINITIONS = ("'CMAKE_INTDIR=\"$(CONFIGURATION)$(EFFECTIVE_PLATFORM_NAME)\"'","$(inherited)");
				GCC_SYMBOLS_PRIVATE_EXTERN = NO;
				INSTALL_PATH = "";
				OTHER_LDFLAGS = ("","$(inherited)");
				OTHER_REZFLAGS = "";
				PRODUCT_NAME = ZERO_CHECK;
				SECTORDER_FLAGS = "";
				USE_HEADERMAP = NO;
				WARNING_CFLAGS = ("$(inherited)");
			};
			name = Debug;
		};
		CB806DBF9C354750A7EF0D07 /* MinSizeRel */ = {
			isa = XCBuildConfiguration;
			buildSettings = {
				CODE_SIGN_STYLE = Automatic;
				IPHONEOS_DEPLOYMENT_TARGET = 14.0;
				ONLY_ACTIVE_ARCH = YES;
				SDKROOT = iphoneos;
				SWIFT_COMPILATION_MODE = wholemodule;
				SYMROOT = "/Users/luongtoi/Documents/Projects/CasioEmuMsvc/CasioEmuMsvc/build-ios/build";
			};
			name = MinSizeRel;
		};
		E6C4713D9EF7406C97CD86CA /* RelWithDebInfo */ = {
			isa = XCBuildConfiguration;
			buildSettings = {
				ALWAYS_SEARCH_USER_PATHS = NO;
				COMBINE_HIDPI_IMAGES = YES;
				CONFIGURATION_BUILD_DIR = "/Users/luongtoi/Documents/Projects/CasioEmuMsvc/CasioEmuMsvc/build-ios/SDL_image/RelWithDebInfo${EFFECTIVE_PLATFORM_NAME}";
				EXECUTABLE_PREFIX = lib;
				EXECUTABLE_SUFFIX = .a;
				GCC_GENERATE_DEBUGGING_SYMBOLS = YES;
				GCC_INLINES_ARE_PRIVATE_EXTERN = NO;
				GCC_OPTIMIZATION_LEVEL = 2;
				GCC_PREPROCESSOR_DEFINITIONS = ("'CMAKE_INTDIR=\"$(CONFIGURATION)$(EFFECTIVE_PLATFORM_NAME)\"'",BUILD_SDL,"'SDL_BUILD_MAJOR_VERSION=2'","'SDL_BUILD_MINOR_VERSION=9'","'SDL_BUILD_MICRO_VERSION=0'",USE_STBIMAGE,LOAD_BMP,LOAD_GIF,LOAD_JPG,"'SDL_IMAGE_SAVE_JPG=1'",LOAD_LBM,LOAD_PCX,LOAD_PNG,"'SDL_IMAGE_SAVE_PNG=1'",LOAD_PNM,LOAD_QOI,LOAD_SVG,LOAD_TGA,LOAD_XCF,LOAD_XPM,LOAD_XV,"$(inherited)");
				GCC_SYMBOLS_PRIVATE_EXTERN = NO;
				HEADER_SEARCH_PATHS = (/Users/luongtoi/Documents/Projects/CasioEmuMsvc/CasioEmuMsvc/SDL_image/include,"/Users/luongtoi/Documents/Projects/CasioEmuMsvc/CasioEmuMsvc/build-ios/SDL/include","/Users/luongtoi/Documents/Projects/CasioEmuMsvc/CasioEmuMsvc/build-ios/SDL/include/SDL2","/Users/luongtoi/Documents/Projects/CasioEmuMsvc/CasioEmuMsvc/build-ios/SDL/include-config-relwithdebinfo/SDL2","$(inherited)");
				INSTALL_PATH = "";
				LIBRARY_STYLE = STATIC;
				OTHER_CFLAGS = ("       -DNDEBUG -fPIC -fvisibility=hidden ","$(inherited)");
				OTHER_LIBTOOLFLAGS = ("");
				OTHER_REZFLAGS = "";
				PRODUCT_NAME = SDL2_image;
				SECTORDER_FLAGS = "";
				TARGET_TEMP_DIR = "/Users/luongtoi/Documents/Projects/CasioEmuMsvc/CasioEmuMsvc/build-ios/build/SDL2_image.build/$(CONFIGURATION)$(EFFECTIVE_PLATFORM_NAME)";
				USE_HEADERMAP = NO;
				WARNING_CFLAGS = ("$(inherited)");
			};
			name = RelWithDebInfo;
		};
		FA528FCA126B458AB6C8BC8D /* MinSizeRel */ = {
			isa = XCBuildConfiguration;
			buildSettings = {
				ALWAYS_SEARCH_USER_PATHS = NO;
				COMBINE_HIDPI_IMAGES = YES;
				GCC_GENERATE_DEBUGGING_SYMBOLS = YES;
				GCC_INLINES_ARE_PRIVATE_EXTERN = NO;
				GCC_OPTIMIZATION_LEVEL = 0;
				GCC_PREPROCESSOR_DEFINITIONS = ("'CMAKE_INTDIR=\"$(CONFIGURATION)$(EFFECTIVE_PLATFORM_NAME)\"'","$(inherited)");
				GCC_SYMBOLS_PRIVATE_EXTERN = NO;
				INSTALL_PATH = "";
				OTHER_LDFLAGS = ("","$(inherited)");
				OTHER_REZFLAGS = "";
				PRODUCT_NAME = ALL_BUILD;
				SECTORDER_FLAGS = "";
				USE_HEADERMAP = NO;
				WARNING_CFLAGS = ("$(inherited)");
			};
			name = MinSizeRel;
		};
/* End XCBuildConfiguration section */

/* Begin XCConfigurationList section */
		52CD8B3CC5C0456D9AE16437 /* Build configuration list for PBXNativeTarget "SDL2_image" */ = {
			isa = XCConfigurationList;
			buildConfigurations = (
				4473D308DF124055BF26B470 /* Debug */,
				381BBEA2B7024EDBB80EEA08 /* Release */,
				21544D6ED3C9483BB83AA25E /* MinSizeRel */,
				E6C4713D9EF7406C97CD86CA /* RelWithDebInfo */,
			);
			defaultConfigurationIsVisible = 0;
			defaultConfigurationName = Debug;
		};
		B2EE343FE67C4128B5320B94 /* Build configuration list for PBXProject "SDL2_image" */ = {
			isa = XCConfigurationList;
			buildConfigurations = (
				594DBC18423A4E938E670F7A /* Debug */,
				4B16DA71822D49D0AEA13596 /* Release */,
				CB806DBF9C354750A7EF0D07 /* MinSizeRel */,
				4D6068756BA74C3D8E7FE8F1 /* RelWithDebInfo */,
			);
			defaultConfigurationIsVisible = 0;
			defaultConfigurationName = Debug;
		};
		B605C054878146A3B1C94C98 /* Build configuration list for PBXAggregateTarget "ZERO_CHECK" */ = {
			isa = XCConfigurationList;
			buildConfigurations = (
				C31AE8FC864647E089D9A9F9 /* Debug */,
				78A920CD0CB54F0193FBC2A1 /* Release */,
				AC7AB26D283541BC92AE11CF /* MinSizeRel */,
				54D9122FC53643459A0EBB1D /* RelWithDebInfo */,
			);
			defaultConfigurationIsVisible = 0;
			defaultConfigurationName = Debug;
		};
		BC8FFB51DF6745DBA863CF1B /* Build configuration list for PBXAggregateTarget "package" */ = {
			isa = XCConfigurationList;
			buildConfigurations = (
				10B16C70D556424DB7F3B83E /* Debug */,
				95BF05CF64A94958931C24DA /* Release */,
				7768E00ECFEF4647B6E3C30E /* MinSizeRel */,
				36234F80C1DC4EB4BD5C59DF /* RelWithDebInfo */,
			);
			defaultConfigurationIsVisible = 0;
			defaultConfigurationName = Debug;
		};
		F027D452FC9444ACBED96376 /* Build configuration list for PBXAggregateTarget "ALL_BUILD" */ = {
			isa = XCConfigurationList;
			buildConfigurations = (
				016D0FDABE394EC89EEE2E39 /* Debug */,
				39D32AB8B6F843F6B304A058 /* Release */,
				FA528FCA126B458AB6C8BC8D /* MinSizeRel */,
				B507DEA5232746C69E55F6D0 /* RelWithDebInfo */,
			);
			defaultConfigurationIsVisible = 0;
			defaultConfigurationName = Debug;
		};
/* End XCConfigurationList section */
	};
	rootObject = 084B30AB65D64AB0B32F24AB /* Project object */;
}
