// !$*UTF8*$!
{
	archiveVersion = 1;
	classes = {
	};
	objectVersion = 46;
	objects = {

/* Begin PBXAggregateTarget section */
		20C7654FB5A131681F032808 /* ALL_BUILD */ = {
			isa = PBXAggregateTarget;
			buildConfigurationList = 1ED3977C9F7242B0A3FDFEB2 /* Build configuration list for PBXAggregateTarget "ALL_BUILD" */;
			buildPhases = (
				17430E5CCE4A278FBC250714 /* Generate CMakeFiles/ALL_BUILD */,
			);
			dependencies = (
				1611B6BEAC9F40F3ADDF3A5F /* PBXTargetDependency */,
				6E3B7EFA144C47FDB2CC700B /* PBXTargetDependency */,
			);
			name = ALL_BUILD;
			productName = ALL_BUILD;
		};
		76351EAF27738D823F143E07 /* package */ = {
			isa = PBXAggregateTarget;
			buildConfigurationList = E65D4058EC3B4FDF80AD061D /* Build configuration list for PBXAggregateTarget "package" */;
			buildPhases = (
				571234464C2A5D0D43F1AB42 /* CMake PostBuild Rules */,
			);
			dependencies = (
				8702D50735B04CCA9877AD7D /* PBXTargetDependency */,
			);
			name = package;
			productName = package;
		};
		F2AF4B7EB06B3A8C4CFCA8C9 /* ZERO_CHECK */ = {
			isa = PBXAggregateTarget;
			buildConfigurationList = 0749F1E3C7AD400F8712CF0D /* Build configuration list for PBXAggregateTarget "ZERO_CHECK" */;
			buildPhases = (
				7D4CC86D354F733F16706B84 /* Generate CMakeFiles/ZERO_CHECK */,
			);
			dependencies = (
			);
			name = ZERO_CHECK;
			productName = ZERO_CHECK;
		};
/* End PBXAggregateTarget section */

/* Begin PBXBuildFile section */
		0AAADC06A9DF446AA0EDF758 /* /Users/luongtoi/Documents/Projects/CasioEmuMsvc/CasioEmuMsvc/SDL_image/src/IMG_xv.c */ = {isa = PBXBuildFile; fileRef = DC4A9082A56249A1982C10D0 /* /Users/luongtoi/Documents/Projects/CasioEmuMsvc/CasioEmuMsvc/SDL_image/src/IMG_xv.c */; };
		12E76C08D56F4BD593AD39C3 /* /Users/luongtoi/Documents/Projects/CasioEmuMsvc/CasioEmuMsvc/SDL_image/src/IMG_pcx.c */ = {isa = PBXBuildFile; fileRef = 44CA8426E72A4EA6BE869300 /* /Users/luongtoi/Documents/Projects/CasioEmuMsvc/CasioEmuMsvc/SDL_image/src/IMG_pcx.c */; };
		145B095FDA9B41FD80E35AEF /* /Users/luongtoi/Documents/Projects/CasioEmuMsvc/CasioEmuMsvc/SDL_image/src/IMG_xcf.c */ = {isa = PBXBuildFile; fileRef = 1B0772D0EA85411DB67DC560 /* /Users/luongtoi/Documents/Projects/CasioEmuMsvc/CasioEmuMsvc/SDL_image/src/IMG_xcf.c */; };
		23D53A853C0546CC8C68A01B /* /Users/luongtoi/Documents/Projects/CasioEmuMsvc/CasioEmuMsvc/SDL_image/src/IMG_lbm.c */ = {isa = PBXBuildFile; fileRef = 564F48EB7E054B6693350F96 /* /Users/luongtoi/Documents/Projects/CasioEmuMsvc/CasioEmuMsvc/SDL_image/src/IMG_lbm.c */; };
		3D2A6C5C194747C78EB3FEA4 /* /Users/luongtoi/Documents/Projects/CasioEmuMsvc/CasioEmuMsvc/SDL_image/src/IMG_jxl.c */ = {isa = PBXBuildFile; fileRef = 515F68031EC54F7DA725AE60 /* /Users/luongtoi/Documents/Projects/CasioEmuMsvc/CasioEmuMsvc/SDL_image/src/IMG_jxl.c */; };
		50B1A92637B7454DAC2C9488 /* /Users/luongtoi/Documents/Projects/CasioEmuMsvc/CasioEmuMsvc/SDL_image/src/IMG_tif.c */ = {isa = PBXBuildFile; fileRef = 7FF040223A7E4F1DABBAA9A6 /* /Users/luongtoi/Documents/Projects/CasioEmuMsvc/CasioEmuMsvc/SDL_image/src/IMG_tif.c */; };
		67DB42315455470A8CE86324 /* /Users/luongtoi/Documents/Projects/CasioEmuMsvc/CasioEmuMsvc/SDL_image/src/IMG_qoi.c */ = {isa = PBXBuildFile; fileRef = 6066F3D667F74A4FACA824E0 /* /Users/luongtoi/Documents/Projects/CasioEmuMsvc/CasioEmuMsvc/SDL_image/src/IMG_qoi.c */; };
		764BF5CC4F894D10B077F4F4 /* /Users/luongtoi/Documents/Projects/CasioEmuMsvc/CasioEmuMsvc/SDL_image/src/IMG_WIC.c */ = {isa = PBXBuildFile; fileRef = 19FF7CBFCC9D4D3E8E54004C /* /Users/luongtoi/Documents/Projects/CasioEmuMsvc/CasioEmuMsvc/SDL_image/src/IMG_WIC.c */; };
		88C6212023FF47ACB6576BAB /* /Users/luongtoi/Documents/Projects/CasioEmuMsvc/CasioEmuMsvc/SDL_image/src/IMG_pnm.c */ = {isa = PBXBuildFile; fileRef = BEC88D1D6EE441349B810E7E /* /Users/luongtoi/Documents/Projects/CasioEmuMsvc/CasioEmuMsvc/SDL_image/src/IMG_pnm.c */; };
		8C82381BF20E45A3AB1F8335 /* /Users/luongtoi/Documents/Projects/CasioEmuMsvc/CasioEmuMsvc/SDL_image/src/IMG_bmp.c */ = {isa = PBXBuildFile; fileRef = 6120248D331B4C70A6222EB4 /* /Users/luongtoi/Documents/Projects/CasioEmuMsvc/CasioEmuMsvc/SDL_image/src/IMG_bmp.c */; };
		973C145360FD4E4BA1965295 /* /Users/luongtoi/Documents/Projects/CasioEmuMsvc/CasioEmuMsvc/SDL_image/CMakeLists.txt */ = {isa = PBXBuildFile; fileRef = 578E3987C3AA45C4B6716B41 /* /Users/luongtoi/Documents/Projects/CasioEmuMsvc/CasioEmuMsvc/SDL_image/CMakeLists.txt */; };
		9A85B2FA2BCA4AFCA43C659F /* /Users/luongtoi/Documents/Projects/CasioEmuMsvc/CasioEmuMsvc/SDL_image/src/IMG_png.c */ = {isa = PBXBuildFile; fileRef = F88320EA04F4483D95B87978 /* /Users/luongtoi/Documents/Projects/CasioEmuMsvc/CasioEmuMsvc/SDL_image/src/IMG_png.c */; };
		B8C7102437C7484D98005197 /* /Users/luongtoi/Documents/Projects/CasioEmuMsvc/CasioEmuMsvc/build-ios/SDL_image/CMakeFiles/SDL2_image.dir/Info.plist */ = {isa = PBXBuildFile; fileRef = 4595295BA52347E8B27BCD12 /* /Users/luongtoi/Documents/Projects/CasioEmuMsvc/CasioEmuMsvc/build-ios/SDL_image/CMakeFiles/SDL2_image.dir/Info.plist */; };
		C18BD366758A4D1BB8E0DD81 /* /Users/luongtoi/Documents/Projects/CasioEmuMsvc/CasioEmuMsvc/SDL_image/src/IMG_xpm.c */ = {isa = PBXBuildFile; fileRef = CAE6F636D5CF4339985151E0 /* /Users/luongtoi/Documents/Projects/CasioEmuMsvc/CasioEmuMsvc/SDL_image/src/IMG_xpm.c */; };
		CDA6C362548D4E93B0EDDAEF /* /Users/luongtoi/Documents/Projects/CasioEmuMsvc/CasioEmuMsvc/SDL_image/src/IMG_webp.c */ = {isa = PBXBuildFile; fileRef = 01FA0AA11D1647EF93A11039 /* /Users/luongtoi/Documents/Projects/CasioEmuMsvc/CasioEmuMsvc/SDL_image/src/IMG_webp.c */; };
		CF72864524F34DE4AB140BE8 /* /Users/luongtoi/Documents/Projects/CasioEmuMsvc/CasioEmuMsvc/SDL_image/src/IMG_tga.c */ = {isa = PBXBuildFile; fileRef = 06423D637EFC4B01B177425C /* /Users/luongtoi/Documents/Projects/CasioEmuMsvc/CasioEmuMsvc/SDL_image/src/IMG_tga.c */; };
		D5C0905B75A74DA5A5ADE29E /* /Users/luongtoi/Documents/Projects/CasioEmuMsvc/CasioEmuMsvc/SDL_image/src/IMG_avif.c */ = {isa = PBXBuildFile; fileRef = 29F03D9A5C644AFDA9B377A7 /* /Users/luongtoi/Documents/Projects/CasioEmuMsvc/CasioEmuMsvc/SDL_image/src/IMG_avif.c */; };
		D6AD1F26FDD24D2EAD11268B /* /Users/luongtoi/Documents/Projects/CasioEmuMsvc/CasioEmuMsvc/SDL_image/src/IMG_svg.c */ = {isa = PBXBuildFile; fileRef = 31465F3B7936403BB4FEBD96 /* /Users/luongtoi/Documents/Projects/CasioEmuMsvc/CasioEmuMsvc/SDL_image/src/IMG_svg.c */; };
		DB6B72D2DEA34E608237505F /* /Users/luongtoi/Documents/Projects/CasioEmuMsvc/CasioEmuMsvc/SDL_image/src/IMG.c */ = {isa = PBXBuildFile; fileRef = 2F13D3CB53CF4417A1E732C9 /* /Users/luongtoi/Documents/Projects/CasioEmuMsvc/CasioEmuMsvc/SDL_image/src/IMG.c */; };
		E37061C648104D09B307CCFC /* /Users/luongtoi/Documents/Projects/CasioEmuMsvc/CasioEmuMsvc/SDL_image/src/IMG_ImageIO.m */ = {isa = PBXBuildFile; fileRef = C207079C444045DC80D721E9 /* /Users/luongtoi/Documents/Projects/CasioEmuMsvc/CasioEmuMsvc/SDL_image/src/IMG_ImageIO.m */; };
		E4680F4A4190456A836158EB /* /Users/luongtoi/Documents/Projects/CasioEmuMsvc/CasioEmuMsvc/SDL_image/src/IMG_gif.c */ = {isa = PBXBuildFile; fileRef = E941B4A82CF9471082EA65EF /* /Users/luongtoi/Documents/Projects/CasioEmuMsvc/CasioEmuMsvc/SDL_image/src/IMG_gif.c */; };
		E765C62F36734233976694E6 /* /Users/luongtoi/Documents/Projects/CasioEmuMsvc/CasioEmuMsvc/SDL_image/src/IMG_jpg.c */ = {isa = PBXBuildFile; fileRef = 149BC4E6360F49F3A0901D9A /* /Users/luongtoi/Documents/Projects/CasioEmuMsvc/CasioEmuMsvc/SDL_image/src/IMG_jpg.c */; };
		E87D9FD2C63744B4B44E99A4 /* /Users/luongtoi/Documents/Projects/CasioEmuMsvc/CasioEmuMsvc/SDL_image/src/IMG_stb.c */ = {isa = PBXBuildFile; fileRef = 4A4E047A28644687B3FCE3D7 /* /Users/luongtoi/Documents/Projects/CasioEmuMsvc/CasioEmuMsvc/SDL_image/src/IMG_stb.c */; };
/* End PBXBuildFile section */

/* Begin PBXBuildStyle section */
		319C12DAB46C4EA18F509DBA /* RelWithDebInfo */ = {
			isa = PBXBuildStyle;
			buildSettings = {
				COPY_PHASE_STRIP = NO;
			};
			name = RelWithDebInfo;
		};
		898AC765A8BF4833A0BA393B /* Debug */ = {
			isa = PBXBuildStyle;
			buildSettings = {
				COPY_PHASE_STRIP = NO;
			};
			name = Debug;
		};
		B6BD39C013874A39AF9505F6 /* Release */ = {
			isa = PBXBuildStyle;
			buildSettings = {
				COPY_PHASE_STRIP = NO;
			};
			name = Release;
		};
		B869513F783F4F0392EB0390 /* MinSizeRel */ = {
			isa = PBXBuildStyle;
			buildSettings = {
				COPY_PHASE_STRIP = NO;
			};
			name = MinSizeRel;
		};
/* End PBXBuildStyle section */

/* Begin PBXContainerItemProxy section */
		1F9B69F51B9A425C9D55C776 /* PBXContainerItemProxy */ = {
			isa = PBXContainerItemProxy;
			containerPortal = 0782A3D369C34F628BE2156D /* Project object */;
			proxyType = 1;
			remoteGlobalIDString = 18C3C075E0002271A1392EC8;
			remoteInfo = SDL2_image;
		};
		5E991FAB774B49D191BAE069 /* PBXContainerItemProxy */ = {
			isa = PBXContainerItemProxy;
			containerPortal = 0782A3D369C34F628BE2156D /* Project object */;
			proxyType = 1;
			remoteGlobalIDString = F2AF4B7EB06B3A8C4CFCA8C9;
			remoteInfo = ZERO_CHECK;
		};
		84AE47A4CFA24767BEF86C33 /* PBXContainerItemProxy */ = {
			isa = PBXContainerItemProxy;
			containerPortal = 0782A3D369C34F628BE2156D /* Project object */;
			proxyType = 1;
			remoteGlobalIDString = 20C7654FB5A131681F032808;
			remoteInfo = ALL_BUILD;
		};
		DE564E333B5C4DF2BC308EC6 /* PBXContainerItemProxy */ = {
			isa = PBXContainerItemProxy;
			containerPortal = 0782A3D369C34F628BE2156D /* Project object */;
			proxyType = 1;
			remoteGlobalIDString = F2AF4B7EB06B3A8C4CFCA8C9;
			remoteInfo = ZERO_CHECK;
		};
/* End PBXContainerItemProxy section */

/* Begin PBXFileReference section */
		01FA0AA11D1647EF93A11039 /* /Users/luongtoi/Documents/Projects/CasioEmuMsvc/CasioEmuMsvc/SDL_image/src/IMG_webp.c */ = {isa = PBXFileReference; explicitFileType = sourcecode.c.c; fileEncoding = 4; name = IMG_webp.c; path = src/IMG_webp.c; sourceTree = SOURCE_ROOT; };
		06423D637EFC4B01B177425C /* /Users/luongtoi/Documents/Projects/CasioEmuMsvc/CasioEmuMsvc/SDL_image/src/IMG_tga.c */ = {isa = PBXFileReference; explicitFileType = sourcecode.c.c; fileEncoding = 4; name = IMG_tga.c; path = src/IMG_tga.c; sourceTree = SOURCE_ROOT; };
		149BC4E6360F49F3A0901D9A /* /Users/luongtoi/Documents/Projects/CasioEmuMsvc/CasioEmuMsvc/SDL_image/src/IMG_jpg.c */ = {isa = PBXFileReference; explicitFileType = sourcecode.c.c; fileEncoding = 4; name = IMG_jpg.c; path = src/IMG_jpg.c; sourceTree = SOURCE_ROOT; };
		19FF7CBFCC9D4D3E8E54004C /* /Users/luongtoi/Documents/Projects/CasioEmuMsvc/CasioEmuMsvc/SDL_image/src/IMG_WIC.c */ = {isa = PBXFileReference; explicitFileType = sourcecode.c.c; fileEncoding = 4; name = IMG_WIC.c; path = src/IMG_WIC.c; sourceTree = SOURCE_ROOT; };
		1B0772D0EA85411DB67DC560 /* /Users/luongtoi/Documents/Projects/CasioEmuMsvc/CasioEmuMsvc/SDL_image/src/IMG_xcf.c */ = {isa = PBXFileReference; explicitFileType = sourcecode.c.c; fileEncoding = 4; name = IMG_xcf.c; path = src/IMG_xcf.c; sourceTree = SOURCE_ROOT; };
		29F03D9A5C644AFDA9B377A7 /* /Users/luongtoi/Documents/Projects/CasioEmuMsvc/CasioEmuMsvc/SDL_image/src/IMG_avif.c */ = {isa = PBXFileReference; explicitFileType = sourcecode.c.c; fileEncoding = 4; name = IMG_avif.c; path = src/IMG_avif.c; sourceTree = SOURCE_ROOT; };
		2F13D3CB53CF4417A1E732C9 /* /Users/luongtoi/Documents/Projects/CasioEmuMsvc/CasioEmuMsvc/SDL_image/src/IMG.c */ = {isa = PBXFileReference; explicitFileType = sourcecode.c.c; fileEncoding = 4; name = IMG.c; path = src/IMG.c; sourceTree = SOURCE_ROOT; };
		31465F3B7936403BB4FEBD96 /* /Users/luongtoi/Documents/Projects/CasioEmuMsvc/CasioEmuMsvc/SDL_image/src/IMG_svg.c */ = {isa = PBXFileReference; explicitFileType = sourcecode.c.c; fileEncoding = 4; name = IMG_svg.c; path = src/IMG_svg.c; sourceTree = SOURCE_ROOT; };
		44CA8426E72A4EA6BE869300 /* /Users/luongtoi/Documents/Projects/CasioEmuMsvc/CasioEmuMsvc/SDL_image/src/IMG_pcx.c */ = {isa = PBXFileReference; explicitFileType = sourcecode.c.c; fileEncoding = 4; name = IMG_pcx.c; path = src/IMG_pcx.c; sourceTree = SOURCE_ROOT; };
		4595295BA52347E8B27BCD12 /* /Users/luongtoi/Documents/Projects/CasioEmuMsvc/CasioEmuMsvc/build-ios/SDL_image/CMakeFiles/SDL2_image.dir/Info.plist */ = {isa = PBXFileReference; explicitFileType = sourcecode.text.plist; fileEncoding = 4; name = Info.plist; path = "/Users/luongtoi/Documents/Projects/CasioEmuMsvc/CasioEmuMsvc/build-ios/SDL_image/CMakeFiles/SDL2_image.dir/Info.plist"; sourceTree = "<absolute>"; };
		475853A67CC54022BE57D3D7 /* SDL2_image */ = {isa = PBXFileReference; explicitFileType = "compiled.mach-o.dylib"; path = "libSDL2_image-2.0d.dylib"; sourceTree = BUILT_PRODUCTS_DIR; };
		4A4E047A28644687B3FCE3D7 /* /Users/luongtoi/Documents/Projects/CasioEmuMsvc/CasioEmuMsvc/SDL_image/src/IMG_stb.c */ = {isa = PBXFileReference; explicitFileType = sourcecode.c.c; fileEncoding = 4; name = IMG_stb.c; path = src/IMG_stb.c; sourceTree = SOURCE_ROOT; };
		515F68031EC54F7DA725AE60 /* /Users/luongtoi/Documents/Projects/CasioEmuMsvc/CasioEmuMsvc/SDL_image/src/IMG_jxl.c */ = {isa = PBXFileReference; explicitFileType = sourcecode.c.c; fileEncoding = 4; name = IMG_jxl.c; path = src/IMG_jxl.c; sourceTree = SOURCE_ROOT; };
		564F48EB7E054B6693350F96 /* /Users/luongtoi/Documents/Projects/CasioEmuMsvc/CasioEmuMsvc/SDL_image/src/IMG_lbm.c */ = {isa = PBXFileReference; explicitFileType = sourcecode.c.c; fileEncoding = 4; name = IMG_lbm.c; path = src/IMG_lbm.c; sourceTree = SOURCE_ROOT; };
		578E3987C3AA45C4B6716B41 /* /Users/luongtoi/Documents/Projects/CasioEmuMsvc/CasioEmuMsvc/SDL_image/CMakeLists.txt */ = {isa = PBXFileReference; explicitFileType = sourcecode.text; fileEncoding = 4; name = CMakeLists.txt; path = CMakeLists.txt; sourceTree = SOURCE_ROOT; };
		6066F3D667F74A4FACA824E0 /* /Users/luongtoi/Documents/Projects/CasioEmuMsvc/CasioEmuMsvc/SDL_image/src/IMG_qoi.c */ = {isa = PBXFileReference; explicitFileType = sourcecode.c.c; fileEncoding = 4; name = IMG_qoi.c; path = src/IMG_qoi.c; sourceTree = SOURCE_ROOT; };
		6120248D331B4C70A6222EB4 /* /Users/luongtoi/Documents/Projects/CasioEmuMsvc/CasioEmuMsvc/SDL_image/src/IMG_bmp.c */ = {isa = PBXFileReference; explicitFileType = sourcecode.c.c; fileEncoding = 4; name = IMG_bmp.c; path = src/IMG_bmp.c; sourceTree = SOURCE_ROOT; };
		6494874FD92B48CBB96FDE6B /* /Users/luongtoi/Documents/Projects/CasioEmuMsvc/CasioEmuMsvc/SDL_image/CMakeLists.txt */ = {isa = PBXFileReference; explicitFileType = sourcecode.text; fileEncoding = 4; name = CMakeLists.txt; path = CMakeLists.txt; sourceTree = SOURCE_ROOT; };
		7FF040223A7E4F1DABBAA9A6 /* /Users/luongtoi/Documents/Projects/CasioEmuMsvc/CasioEmuMsvc/SDL_image/src/IMG_tif.c */ = {isa = PBXFileReference; explicitFileType = sourcecode.c.c; fileEncoding = 4; name = IMG_tif.c; path = src/IMG_tif.c; sourceTree = SOURCE_ROOT; };
		BEC88D1D6EE441349B810E7E /* /Users/luongtoi/Documents/Projects/CasioEmuMsvc/CasioEmuMsvc/SDL_image/src/IMG_pnm.c */ = {isa = PBXFileReference; explicitFileType = sourcecode.c.c; fileEncoding = 4; name = IMG_pnm.c; path = src/IMG_pnm.c; sourceTree = SOURCE_ROOT; };
		C207079C444045DC80D721E9 /* /Users/luongtoi/Documents/Projects/CasioEmuMsvc/CasioEmuMsvc/SDL_image/src/IMG_ImageIO.m */ = {isa = PBXFileReference; explicitFileType = sourcecode.c.objc; fileEncoding = 4; name = IMG_ImageIO.m; path = src/IMG_ImageIO.m; sourceTree = SOURCE_ROOT; };
		CAE6F636D5CF4339985151E0 /* /Users/luongtoi/Documents/Projects/CasioEmuMsvc/CasioEmuMsvc/SDL_image/src/IMG_xpm.c */ = {isa = PBXFileReference; explicitFileType = sourcecode.c.c; fileEncoding = 4; name = IMG_xpm.c; path = src/IMG_xpm.c; sourceTree = SOURCE_ROOT; };
		DC4A9082A56249A1982C10D0 /* /Users/luongtoi/Documents/Projects/CasioEmuMsvc/CasioEmuMsvc/SDL_image/src/IMG_xv.c */ = {isa = PBXFileReference; explicitFileType = sourcecode.c.c; fileEncoding = 4; name = IMG_xv.c; path = src/IMG_xv.c; sourceTree = SOURCE_ROOT; };
		E941B4A82CF9471082EA65EF /* /Users/luongtoi/Documents/Projects/CasioEmuMsvc/CasioEmuMsvc/SDL_image/src/IMG_gif.c */ = {isa = PBXFileReference; explicitFileType = sourcecode.c.c; fileEncoding = 4; name = IMG_gif.c; path = src/IMG_gif.c; sourceTree = SOURCE_ROOT; };
		F88320EA04F4483D95B87978 /* /Users/luongtoi/Documents/Projects/CasioEmuMsvc/CasioEmuMsvc/SDL_image/src/IMG_png.c */ = {isa = PBXFileReference; explicitFileType = sourcecode.c.c; fileEncoding = 4; name = IMG_png.c; path = src/IMG_png.c; sourceTree = SOURCE_ROOT; };
/* End PBXFileReference section */

/* Begin PBXFrameworksBuildPhase section */
		8D7D936FD92A4F059F6AAE08 /* Frameworks */ = {
			isa = PBXFrameworksBuildPhase;
			buildActionMask = 2147483647;
			files = (
			);
			runOnlyForDeploymentPostprocessing = 0;
		};
/* End PBXFrameworksBuildPhase section */

/* Begin PBXGroup section */
		149BAC350F3C4AC5A747C8C4 /* ALL_BUILD */ = {
			isa = PBXGroup;
			children = (
				3A5661542D064DEFB93E5D2A /* CMake Rules */,
				6494874FD92B48CBB96FDE6B /* /Users/luongtoi/Documents/Projects/CasioEmuMsvc/CasioEmuMsvc/SDL_image/CMakeLists.txt */,
			);
			name = ALL_BUILD;
			sourceTree = "<group>";
		};
		2FF8B3A4C04F43A581A9F5D1 /* Frameworks */ = {
			isa = PBXGroup;
			children = (
			);
			name = Frameworks;
			sourceTree = "<group>";
		};
		3A5661542D064DEFB93E5D2A /* CMake Rules */ = {
			isa = PBXGroup;
			children = (
			);
			name = "CMake Rules";
			sourceTree = "<group>";
		};
		4D08FAA42D0C46378B699056 /* Resources */ = {
			isa = PBXGroup;
			children = (
				4595295BA52347E8B27BCD12 /* /Users/luongtoi/Documents/Projects/CasioEmuMsvc/CasioEmuMsvc/build-ios/SDL_image/CMakeFiles/SDL2_image.dir/Info.plist */,
			);
			name = Resources;
			sourceTree = "<group>";
		};
		899FF27CE8824CA591FF9690 /* Products */ = {
			isa = PBXGroup;
			children = (
				475853A67CC54022BE57D3D7 /* SDL2_image */,
			);
			name = Products;
			sourceTree = "<group>";
		};
		B1E038E3FE3F4F72AEB6F8F8 /* Resources */ = {
			isa = PBXGroup;
			children = (
			);
			name = Resources;
			sourceTree = "<group>";
		};
		B3F3F75F04C94EFE81D2EB05 /* Source Files */ = {
			isa = PBXGroup;
			children = (
				2F13D3CB53CF4417A1E732C9 /* /Users/luongtoi/Documents/Projects/CasioEmuMsvc/CasioEmuMsvc/SDL_image/src/IMG.c */,
				C207079C444045DC80D721E9 /* /Users/luongtoi/Documents/Projects/CasioEmuMsvc/CasioEmuMsvc/SDL_image/src/IMG_ImageIO.m */,
				19FF7CBFCC9D4D3E8E54004C /* /Users/luongtoi/Documents/Projects/CasioEmuMsvc/CasioEmuMsvc/SDL_image/src/IMG_WIC.c */,
				29F03D9A5C644AFDA9B377A7 /* /Users/luongtoi/Documents/Projects/CasioEmuMsvc/CasioEmuMsvc/SDL_image/src/IMG_avif.c */,
				6120248D331B4C70A6222EB4 /* /Users/luongtoi/Documents/Projects/CasioEmuMsvc/CasioEmuMsvc/SDL_image/src/IMG_bmp.c */,
				E941B4A82CF9471082EA65EF /* /Users/luongtoi/Documents/Projects/CasioEmuMsvc/CasioEmuMsvc/SDL_image/src/IMG_gif.c */,
				149BC4E6360F49F3A0901D9A /* /Users/luongtoi/Documents/Projects/CasioEmuMsvc/CasioEmuMsvc/SDL_image/src/IMG_jpg.c */,
				515F68031EC54F7DA725AE60 /* /Users/luongtoi/Documents/Projects/CasioEmuMsvc/CasioEmuMsvc/SDL_image/src/IMG_jxl.c */,
				564F48EB7E054B6693350F96 /* /Users/luongtoi/Documents/Projects/CasioEmuMsvc/CasioEmuMsvc/SDL_image/src/IMG_lbm.c */,
				44CA8426E72A4EA6BE869300 /* /Users/luongtoi/Documents/Projects/CasioEmuMsvc/CasioEmuMsvc/SDL_image/src/IMG_pcx.c */,
				F88320EA04F4483D95B87978 /* /Users/luongtoi/Documents/Projects/CasioEmuMsvc/CasioEmuMsvc/SDL_image/src/IMG_png.c */,
				BEC88D1D6EE441349B810E7E /* /Users/luongtoi/Documents/Projects/CasioEmuMsvc/CasioEmuMsvc/SDL_image/src/IMG_pnm.c */,
				6066F3D667F74A4FACA824E0 /* /Users/luongtoi/Documents/Projects/CasioEmuMsvc/CasioEmuMsvc/SDL_image/src/IMG_qoi.c */,
				4A4E047A28644687B3FCE3D7 /* /Users/luongtoi/Documents/Projects/CasioEmuMsvc/CasioEmuMsvc/SDL_image/src/IMG_stb.c */,
				31465F3B7936403BB4FEBD96 /* /Users/luongtoi/Documents/Projects/CasioEmuMsvc/CasioEmuMsvc/SDL_image/src/IMG_svg.c */,
				06423D637EFC4B01B177425C /* /Users/luongtoi/Documents/Projects/CasioEmuMsvc/CasioEmuMsvc/SDL_image/src/IMG_tga.c */,
				7FF040223A7E4F1DABBAA9A6 /* /Users/luongtoi/Documents/Projects/CasioEmuMsvc/CasioEmuMsvc/SDL_image/src/IMG_tif.c */,
				01FA0AA11D1647EF93A11039 /* /Users/luongtoi/Documents/Projects/CasioEmuMsvc/CasioEmuMsvc/SDL_image/src/IMG_webp.c */,
				1B0772D0EA85411DB67DC560 /* /Users/luongtoi/Documents/Projects/CasioEmuMsvc/CasioEmuMsvc/SDL_image/src/IMG_xcf.c */,
				CAE6F636D5CF4339985151E0 /* /Users/luongtoi/Documents/Projects/CasioEmuMsvc/CasioEmuMsvc/SDL_image/src/IMG_xpm.c */,
				DC4A9082A56249A1982C10D0 /* /Users/luongtoi/Documents/Projects/CasioEmuMsvc/CasioEmuMsvc/SDL_image/src/IMG_xv.c */,
			);
			name = "Source Files";
			sourceTree = "<group>";
		};
		B542B4DE64454B20943AB366 = {
			isa = PBXGroup;
			children = (
				149BAC350F3C4AC5A747C8C4 /* ALL_BUILD */,
				CD4ED6AD4E7747DEA6ECC9EF /* SDL2_image */,
				899FF27CE8824CA591FF9690 /* Products */,
				2FF8B3A4C04F43A581A9F5D1 /* Frameworks */,
				B1E038E3FE3F4F72AEB6F8F8 /* Resources */,
			);
			sourceTree = "<group>";
		};
		CD4ED6AD4E7747DEA6ECC9EF /* SDL2_image */ = {
			isa = PBXGroup;
			children = (
				4D08FAA42D0C46378B699056 /* Resources */,
				B3F3F75F04C94EFE81D2EB05 /* Source Files */,
				578E3987C3AA45C4B6716B41 /* /Users/luongtoi/Documents/Projects/CasioEmuMsvc/CasioEmuMsvc/SDL_image/CMakeLists.txt */,
			);
			name = SDL2_image;
			sourceTree = "<group>";
		};
/* End PBXGroup section */

/* Begin PBXNativeTarget section */
		18C3C075E0002271A1392EC8 /* SDL2_image */ = {
			isa = PBXNativeTarget;
			buildConfigurationList = F92890411FE8434DB9FA469E /* Build configuration list for PBXNativeTarget "SDL2_image" */;
			buildPhases = (
				4CE0DDA3C9EA45C98EA92919 /* Sources */,
				8D7D936FD92A4F059F6AAE08 /* Frameworks */,
				2E48FFBE7A841D8E345833DF /* CMake PostBuild Rules */,
			);
			buildRules = (
			);
			dependencies = (
				02C048C68AF944B383788A11 /* PBXTargetDependency */,
			);
			name = SDL2_image;
			productName = SDL2_image;
			productReference = 475853A67CC54022BE57D3D7 /* SDL2_image */;
			productType = "com.apple.product-type.library.dynamic";
		};
/* End PBXNativeTarget section */

/* Begin PBXProject section */
		0782A3D369C34F628BE2156D /* Project object */ = {
			isa = PBXProject;
			attributes = {
				BuildIndependentTargetsInParallel = YES;
				LastUpgradeCheck = 2650;
			};
			buildConfigurationList = C6EF082D979D4F61A01CCC73 /* Build configuration list for PBXProject "SDL2_image" */;
			buildSettings = {
			};
			buildStyles = (
				898AC765A8BF4833A0BA393B /* Debug */,
				B6BD39C013874A39AF9505F6 /* Release */,
				B869513F783F4F0392EB0390 /* MinSizeRel */,
				319C12DAB46C4EA18F509DBA /* RelWithDebInfo */,
			);
			compatibilityVersion = "Xcode 3.2";
			hasScannedForEncodings = 0;
			mainGroup = B542B4DE64454B20943AB366;
			projectDirPath = /Users/luongtoi/Documents/Projects/CasioEmuMsvc/CasioEmuMsvc/SDL_image;
			projectRoot = "";
			targets = (
				20C7654FB5A131681F032808 /* ALL_BUILD */,
				76351EAF27738D823F143E07 /* package */,
				18C3C075E0002271A1392EC8 /* SDL2_image */,
				F2AF4B7EB06B3A8C4CFCA8C9 /* ZERO_CHECK */,
			);
		};
/* End PBXProject section */

/* Begin PBXShellScriptBuildPhase section */
		17430E5CCE4A278FBC250714 /* Generate CMakeFiles/ALL_BUILD */ = {
			isa = PBXShellScriptBuildPhase;
			alwaysOutOfDate = 1;
			buildActionMask = 2147483647;
			files = (
			);
			inputPaths = (
			);
			name = "Generate CMakeFiles/ALL_BUILD";
			outputPaths = (
"/Users/luongtoi/Documents/Projects/CasioEmuMsvc/CasioEmuMsvc/build-ios/SDL_image/CMakeFiles/ALL_BUILD"			);
			runOnlyForDeploymentPostprocessing = 0;
			shellPath = /bin/sh;
			shellScript = "set -e
if test \"$CONFIGURATION\" = \"Debug\"; then :
  cd /Users/luongtoi/Documents/Projects/CasioEmuMsvc/CasioEmuMsvc/build-ios/SDL_image
  echo Build\\ all\\ projects
fi
if test \"$CONFIGURATION\" = \"Release\"; then :
  cd /Users/luongtoi/Documents/Projects/CasioEmuMsvc/CasioEmuMsvc/build-ios/SDL_image
  echo Build\\ all\\ projects
fi
if test \"$CONFIGURATION\" = \"MinSizeRel\"; then :
  cd /Users/luongtoi/Documents/Projects/CasioEmuMsvc/CasioEmuMsvc/build-ios/SDL_image
  echo Build\\ all\\ projects
fi
if test \"$CONFIGURATION\" = \"RelWithDebInfo\"; then :
  cd /Users/luongtoi/Documents/Projects/CasioEmuMsvc/CasioEmuMsvc/build-ios/SDL_image
  echo Build\\ all\\ projects
fi
";
			showEnvVarsInLog = 0;
		};
		2E48FFBE7A841D8E345833DF /* CMake PostBuild Rules */ = {
			isa = PBXShellScriptBuildPhase;
			alwaysOutOfDate = 1;
			buildActionMask = 2147483647;
			files = (
			);
			inputPaths = (
			);
			name = "CMake PostBuild Rules";
			outputPaths = (
			);
			runOnlyForDeploymentPostprocessing = 0;
			shellPath = /bin/sh;
			shellScript = "set -e
if test \"$CONFIGURATION\" = \"Debug\"; then :
  cd /Users/luongtoi/Documents/Projects/CasioEmuMsvc/CasioEmuMsvc/build-ios/SDL_image
  /usr/local/bin/cmake -E create_symlink libSDL2_image-2.0d.0.dylib libSDL2_imaged.dylib
  cd /Users/luongtoi/Documents/Projects/CasioEmuMsvc/CasioEmuMsvc/build-ios/SDL_image
  /usr/local/bin/cmake -E cmake_symlink_library /Users/luongtoi/Documents/Projects/CasioEmuMsvc/CasioEmuMsvc/build-ios/SDL_image/Debug${EFFECTIVE_PLATFORM_NAME}/libSDL2_image-2.0d.0.900.0.dylib /Users/luongtoi/Documents/Projects/CasioEmuMsvc/CasioEmuMsvc/build-ios/SDL_image/Debug${EFFECTIVE_PLATFORM_NAME}/libSDL2_image-2.0d.0.dylib /Users/luongtoi/Documents/Projects/CasioEmuMsvc/CasioEmuMsvc/build-ios/SDL_image/Debug${EFFECTIVE_PLATFORM_NAME}/libSDL2_image-2.0d.dylib
fi
if test \"$CONFIGURATION\" = \"Release\"; then :
  cd /Users/luongtoi/Documents/Projects/CasioEmuMsvc/CasioEmuMsvc/build-ios/SDL_image
  /usr/local/bin/cmake -E create_symlink libSDL2_image-2.0.0.dylib libSDL2_image.dylib
  cd /Users/luongtoi/Documents/Projects/CasioEmuMsvc/CasioEmuMsvc/build-ios/SDL_image
  /usr/local/bin/cmake -E cmake_symlink_library /Users/luongtoi/Documents/Projects/CasioEmuMsvc/CasioEmuMsvc/build-ios/SDL_image/Release${EFFECTIVE_PLATFORM_NAME}/libSDL2_image-2.0.0.900.0.dylib /Users/luongtoi/Documents/Projects/CasioEmuMsvc/CasioEmuMsvc/build-ios/SDL_image/Release${EFFECTIVE_PLATFORM_NAME}/libSDL2_image-2.0.0.dylib /Users/luongtoi/Documents/Projects/CasioEmuMsvc/CasioEmuMsvc/build-ios/SDL_image/Release${EFFECTIVE_PLATFORM_NAME}/libSDL2_image-2.0.dylib
fi
if test \"$CONFIGURATION\" = \"MinSizeRel\"; then :
  cd /Users/luongtoi/Documents/Projects/CasioEmuMsvc/CasioEmuMsvc/build-ios/SDL_image
  /usr/local/bin/cmake -E create_symlink libSDL2_image-2.0.0.dylib libSDL2_image.dylib
  cd /Users/luongtoi/Documents/Projects/CasioEmuMsvc/CasioEmuMsvc/build-ios/SDL_image
  /usr/local/bin/cmake -E cmake_symlink_library /Users/luongtoi/Documents/Projects/CasioEmuMsvc/CasioEmuMsvc/build-ios/SDL_image/MinSizeRel${EFFECTIVE_PLATFORM_NAME}/libSDL2_image-2.0.0.900.0.dylib /Users/luongtoi/Documents/Projects/CasioEmuMsvc/CasioEmuMsvc/build-ios/SDL_image/MinSizeRel${EFFECTIVE_PLATFORM_NAME}/libSDL2_image-2.0.0.dylib /Users/luongtoi/Documents/Projects/CasioEmuMsvc/CasioEmuMsvc/build-ios/SDL_image/MinSizeRel${EFFECTIVE_PLATFORM_NAME}/libSDL2_image-2.0.dylib
fi
if test \"$CONFIGURATION\" = \"RelWithDebInfo\"; then :
  cd /Users/luongtoi/Documents/Projects/CasioEmuMsvc/CasioEmuMsvc/build-ios/SDL_image
  /usr/local/bin/cmake -E create_symlink libSDL2_image-2.0.0.dylib libSDL2_image.dylib
  cd /Users/luongtoi/Documents/Projects/CasioEmuMsvc/CasioEmuMsvc/build-ios/SDL_image
  /usr/local/bin/cmake -E cmake_symlink_library /Users/luongtoi/Documents/Projects/CasioEmuMsvc/CasioEmuMsvc/build-ios/SDL_image/RelWithDebInfo${EFFECTIVE_PLATFORM_NAME}/libSDL2_image-2.0.0.900.0.dylib /Users/luongtoi/Documents/Projects/CasioEmuMsvc/CasioEmuMsvc/build-ios/SDL_image/RelWithDebInfo${EFFECTIVE_PLATFORM_NAME}/libSDL2_image-2.0.0.dylib /Users/luongtoi/Documents/Projects/CasioEmuMsvc/CasioEmuMsvc/build-ios/SDL_image/RelWithDebInfo${EFFECTIVE_PLATFORM_NAME}/libSDL2_image-2.0.dylib
fi
";
			showEnvVarsInLog = 0;
		};
		3C0110FC8322DE7E50886E21 = {
			isa = PBXShellScriptBuildPhase;
			buildActionMask = 2147483647;
			files = (
			);
			inputPaths = (
			);
			outputPaths = (
			);
			runOnlyForDeploymentPostprocessing = 0;
			shellPath = /bin/sh;
			shellScript = "# shell script goes here
exit 0";
			showEnvVarsInLog = 0;
		};
		571234464C2A5D0D43F1AB42 /* CMake PostBuild Rules */ = {
			isa = PBXShellScriptBuildPhase;
			alwaysOutOfDate = 1;
			buildActionMask = 2147483647;
			files = (
			);
			inputPaths = (
			);
			name = "CMake PostBuild Rules";
			outputPaths = (
			);
			runOnlyForDeploymentPostprocessing = 0;
			shellPath = /bin/sh;
			shellScript = "set -e
if test \"$CONFIGURATION\" = \"Debug\"; then :
  cd /Users/luongtoi/Documents/Projects/CasioEmuMsvc/CasioEmuMsvc/build-ios
  /usr/local/bin/cpack -C $CONFIGURATION$EFFECTIVE_PLATFORM_NAME --config ./CPackConfig.cmake
fi
if test \"$CONFIGURATION\" = \"Release\"; then :
  cd /Users/luongtoi/Documents/Projects/CasioEmuMsvc/CasioEmuMsvc/build-ios
  /usr/local/bin/cpack -C $CONFIGURATION$EFFECTIVE_PLATFORM_NAME --config ./CPackConfig.cmake
fi
if test \"$CONFIGURATION\" = \"MinSizeRel\"; then :
  cd /Users/luongtoi/Documents/Projects/CasioEmuMsvc/CasioEmuMsvc/build-ios
  /usr/local/bin/cpack -C $CONFIGURATION$EFFECTIVE_PLATFORM_NAME --config ./CPackConfig.cmake
fi
if test \"$CONFIGURATION\" = \"RelWithDebInfo\"; then :
  cd /Users/luongtoi/Documents/Projects/CasioEmuMsvc/CasioEmuMsvc/build-ios
  /usr/local/bin/cpack -C $CONFIGURATION$EFFECTIVE_PLATFORM_NAME --config ./CPackConfig.cmake
fi
";
			showEnvVarsInLog = 0;
		};
		661D9C604B3B91332E7543CC = {
			isa = PBXShellScriptBuildPhase;
			buildActionMask = 2147483647;
			files = (
			);
			inputPaths = (
			);
			outputPaths = (
			);
			runOnlyForDeploymentPostprocessing = 0;
			shellPath = /bin/sh;
			shellScript = "# shell script goes here
exit 0";
			showEnvVarsInLog = 0;
		};
		7D4CC86D354F733F16706B84 /* Generate CMakeFiles/ZERO_CHECK */ = {
			isa = PBXShellScriptBuildPhase;
			alwaysOutOfDate = 1;
			buildActionMask = 2147483647;
			files = (
			);
			inputPaths = (
			);
			name = "Generate CMakeFiles/ZERO_CHECK";
			outputPaths = (
"/Users/luongtoi/Documents/Projects/CasioEmuMsvc/CasioEmuMsvc/build-ios/SDL_image/CMakeFiles/ZERO_CHECK"			);
			runOnlyForDeploymentPostprocessing = 0;
			shellPath = /bin/sh;
			shellScript = "set -e
if test \"$CONFIGURATION\" = \"Debug\"; then :
  cd /Users/luongtoi/Documents/Projects/CasioEmuMsvc/CasioEmuMsvc/build-ios/SDL_image
  make -f /Users/luongtoi/Documents/Projects/CasioEmuMsvc/CasioEmuMsvc/build-ios/SDL_image/CMakeScripts/ReRunCMake.make
fi
if test \"$CONFIGURATION\" = \"Release\"; then :
  cd /Users/luongtoi/Documents/Projects/CasioEmuMsvc/CasioEmuMsvc/build-ios/SDL_image
  make -f /Users/luongtoi/Documents/Projects/CasioEmuMsvc/CasioEmuMsvc/build-ios/SDL_image/CMakeScripts/ReRunCMake.make
fi
if test \"$CONFIGURATION\" = \"MinSizeRel\"; then :
  cd /Users/luongtoi/Documents/Projects/CasioEmuMsvc/CasioEmuMsvc/build-ios/SDL_image
  make -f /Users/luongtoi/Documents/Projects/CasioEmuMsvc/CasioEmuMsvc/build-ios/SDL_image/CMakeScripts/ReRunCMake.make
fi
if test \"$CONFIGURATION\" = \"RelWithDebInfo\"; then :
  cd /Users/luongtoi/Documents/Projects/CasioEmuMsvc/CasioEmuMsvc/build-ios/SDL_image
  make -f /Users/luongtoi/Documents/Projects/CasioEmuMsvc/CasioEmuMsvc/build-ios/SDL_image/CMakeScripts/ReRunCMake.make
fi
";
			showEnvVarsInLog = 0;
		};
		9B50530E35CC49C82C2FACCF = {
			isa = PBXShellScriptBuildPhase;
			buildActionMask = 2147483647;
			files = (
			);
			inputPaths = (
			);
			outputPaths = (
			);
			runOnlyForDeploymentPostprocessing = 0;
			shellPath = /bin/sh;
			shellScript = "# shell script goes here
exit 0";
			showEnvVarsInLog = 0;
		};
/* End PBXShellScriptBuildPhase section */

/* Begin PBXSourcesBuildPhase section */
		4CE0DDA3C9EA45C98EA92919 /* Sources */ = {
			isa = PBXSourcesBuildPhase;
			buildActionMask = 2147483647;
			files = (
				DB6B72D2DEA34E608237505F /* /Users/luongtoi/Documents/Projects/CasioEmuMsvc/CasioEmuMsvc/SDL_image/src/IMG.c */,
				E37061C648104D09B307CCFC /* /Users/luongtoi/Documents/Projects/CasioEmuMsvc/CasioEmuMsvc/SDL_image/src/IMG_ImageIO.m */,
				764BF5CC4F894D10B077F4F4 /* /Users/luongtoi/Documents/Projects/CasioEmuMsvc/CasioEmuMsvc/SDL_image/src/IMG_WIC.c */,
				D5C0905B75A74DA5A5ADE29E /* /Users/luongtoi/Documents/Projects/CasioEmuMsvc/CasioEmuMsvc/SDL_image/src/IMG_avif.c */,
				8C82381BF20E45A3AB1F8335 /* /Users/luongtoi/Documents/Projects/CasioEmuMsvc/CasioEmuMsvc/SDL_image/src/IMG_bmp.c */,
				E4680F4A4190456A836158EB /* /Users/luongtoi/Documents/Projects/CasioEmuMsvc/CasioEmuMsvc/SDL_image/src/IMG_gif.c */,
				E765C62F36734233976694E6 /* /Users/luongtoi/Documents/Projects/CasioEmuMsvc/CasioEmuMsvc/SDL_image/src/IMG_jpg.c */,
				3D2A6C5C194747C78EB3FEA4 /* /Users/luongtoi/Documents/Projects/CasioEmuMsvc/CasioEmuMsvc/SDL_image/src/IMG_jxl.c */,
				23D53A853C0546CC8C68A01B /* /Users/luongtoi/Documents/Projects/CasioEmuMsvc/CasioEmuMsvc/SDL_image/src/IMG_lbm.c */,
				12E76C08D56F4BD593AD39C3 /* /Users/luongtoi/Documents/Projects/CasioEmuMsvc/CasioEmuMsvc/SDL_image/src/IMG_pcx.c */,
				9A85B2FA2BCA4AFCA43C659F /* /Users/luongtoi/Documents/Projects/CasioEmuMsvc/CasioEmuMsvc/SDL_image/src/IMG_png.c */,
				88C6212023FF47ACB6576BAB /* /Users/luongtoi/Documents/Projects/CasioEmuMsvc/CasioEmuMsvc/SDL_image/src/IMG_pnm.c */,
				67DB42315455470A8CE86324 /* /Users/luongtoi/Documents/Projects/CasioEmuMsvc/CasioEmuMsvc/SDL_image/src/IMG_qoi.c */,
				E87D9FD2C63744B4B44E99A4 /* /Users/luongtoi/Documents/Projects/CasioEmuMsvc/CasioEmuMsvc/SDL_image/src/IMG_stb.c */,
				D6AD1F26FDD24D2EAD11268B /* /Users/luongtoi/Documents/Projects/CasioEmuMsvc/CasioEmuMsvc/SDL_image/src/IMG_svg.c */,
				CF72864524F34DE4AB140BE8 /* /Users/luongtoi/Documents/Projects/CasioEmuMsvc/CasioEmuMsvc/SDL_image/src/IMG_tga.c */,
				50B1A92637B7454DAC2C9488 /* /Users/luongtoi/Documents/Projects/CasioEmuMsvc/CasioEmuMsvc/SDL_image/src/IMG_tif.c */,
				CDA6C362548D4E93B0EDDAEF /* /Users/luongtoi/Documents/Projects/CasioEmuMsvc/CasioEmuMsvc/SDL_image/src/IMG_webp.c */,
				145B095FDA9B41FD80E35AEF /* /Users/luongtoi/Documents/Projects/CasioEmuMsvc/CasioEmuMsvc/SDL_image/src/IMG_xcf.c */,
				C18BD366758A4D1BB8E0DD81 /* /Users/luongtoi/Documents/Projects/CasioEmuMsvc/CasioEmuMsvc/SDL_image/src/IMG_xpm.c */,
				0AAADC06A9DF446AA0EDF758 /* /Users/luongtoi/Documents/Projects/CasioEmuMsvc/CasioEmuMsvc/SDL_image/src/IMG_xv.c */,
			);
			runOnlyForDeploymentPostprocessing = 0;
		};
/* End PBXSourcesBuildPhase section */

/* Begin PBXTargetDependency section */
		02C048C68AF944B383788A11 /* PBXTargetDependency */ = {
			isa = PBXTargetDependency;
			target = F2AF4B7EB06B3A8C4CFCA8C9 /* ZERO_CHECK */;
			targetProxy = 5E991FAB774B49D191BAE069 /* PBXContainerItemProxy */;
		};
		1611B6BEAC9F40F3ADDF3A5F /* PBXTargetDependency */ = {
			isa = PBXTargetDependency;
			target = F2AF4B7EB06B3A8C4CFCA8C9 /* ZERO_CHECK */;
			targetProxy = DE564E333B5C4DF2BC308EC6 /* PBXContainerItemProxy */;
		};
		6E3B7EFA144C47FDB2CC700B /* PBXTargetDependency */ = {
			isa = PBXTargetDependency;
			target = 18C3C075E0002271A1392EC8 /* SDL2_image */;
			targetProxy = 1F9B69F51B9A425C9D55C776 /* PBXContainerItemProxy */;
		};
		8702D50735B04CCA9877AD7D /* PBXTargetDependency */ = {
			isa = PBXTargetDependency;
			target = 20C7654FB5A131681F032808 /* ALL_BUILD */;
			targetProxy = 84AE47A4CFA24767BEF86C33 /* PBXContainerItemProxy */;
		};
/* End PBXTargetDependency section */

/* Begin XCBuildConfiguration section */
		053BC711AFC74FAFBD4902A4 /* MinSizeRel */ = {
			isa = XCBuildConfiguration;
			buildSettings = {
				ALWAYS_SEARCH_USER_PATHS = NO;
				COMBINE_HIDPI_IMAGES = YES;
				GCC_GENERATE_DEBUGGING_SYMBOLS = YES;
				GCC_INLINES_ARE_PRIVATE_EXTERN = NO;
				GCC_OPTIMIZATION_LEVEL = 0;
				GCC_PREPROCESSOR_DEFINITIONS = ("'CMAKE_INTDIR=\"$(CONFIGURATION)$(EFFECTIVE_PLATFORM_NAME)\"'","$(inherited)");
				GCC_SYMBOLS_PRIVATE_EXTERN = NO;
				INSTALL_PATH = "";
				OTHER_LDFLAGS = ("","$(inherited)");
				OTHER_REZFLAGS = "";
				PRODUCT_NAME = package;
				SECTORDER_FLAGS = "";
				USE_HEADERMAP = NO;
				WARNING_CFLAGS = ("$(inherited)");
			};
			name = MinSizeRel;
		};
		107F6D1C571E45B2A1646E8C /* Release */ = {
			isa = XCBuildConfiguration;
			buildSettings = {
				ALWAYS_SEARCH_USER_PATHS = NO;
				COMBINE_HIDPI_IMAGES = YES;
				GCC_GENERATE_DEBUGGING_SYMBOLS = YES;
				GCC_INLINES_ARE_PRIVATE_EXTERN = NO;
				GCC_OPTIMIZATION_LEVEL = 0;
				GCC_PREPROCESSOR_DEFINITIONS = ("'CMAKE_INTDIR=\"$(CONFIGURATION)$(EFFECTIVE_PLATFORM_NAME)\"'","$(inherited)");
				GCC_SYMBOLS_PRIVATE_EXTERN = NO;
				INSTALL_PATH = "";
				OTHER_LDFLAGS = ("","$(inherited)");
				OTHER_REZFLAGS = "";
				PRODUCT_NAME = package;
				SECTORDER_FLAGS = "";
				USE_HEADERMAP = NO;
				WARNING_CFLAGS = ("$(inherited)");
			};
			name = Release;
		};
		1BCAEBA096C64CFF8CBD0687 /* Debug */ = {
			isa = XCBuildConfiguration;
			buildSettings = {
				ALWAYS_SEARCH_USER_PATHS = NO;
				COMBINE_HIDPI_IMAGES = YES;
				GCC_GENERATE_DEBUGGING_SYMBOLS = YES;
				GCC_INLINES_ARE_PRIVATE_EXTERN = NO;
				GCC_OPTIMIZATION_LEVEL = 0;
				GCC_PREPROCESSOR_DEFINITIONS = ("'CMAKE_INTDIR=\"$(CONFIGURATION)$(EFFECTIVE_PLATFORM_NAME)\"'","$(inherited)");
				GCC_SYMBOLS_PRIVATE_EXTERN = NO;
				INSTALL_PATH = "";
				OTHER_LDFLAGS = ("","$(inherited)");
				OTHER_REZFLAGS = "";
				PRODUCT_NAME = ALL_BUILD;
				SECTORDER_FLAGS = "";
				USE_HEADERMAP = NO;
				WARNING_CFLAGS = ("$(inherited)");
			};
			name = Debug;
		};
		39582C6A13D2424DB3262AFB /* Release */ = {
			isa = XCBuildConfiguration;
			buildSettings = {
				ALWAYS_SEARCH_USER_PATHS = NO;
				COMBINE_HIDPI_IMAGES = YES;
				GCC_GENERATE_DEBUGGING_SYMBOLS = YES;
				GCC_INLINES_ARE_PRIVATE_EXTERN = NO;
				GCC_OPTIMIZATION_LEVEL = 0;
				GCC_PREPROCESSOR_DEFINITIONS = ("'CMAKE_INTDIR=\"$(CONFIGURATION)$(EFFECTIVE_PLATFORM_NAME)\"'","$(inherited)");
				GCC_SYMBOLS_PRIVATE_EXTERN = NO;
				INSTALL_PATH = "";
				OTHER_LDFLAGS = ("","$(inherited)");
				OTHER_REZFLAGS = "";
				PRODUCT_NAME = ZERO_CHECK;
				SECTORDER_FLAGS = "";
				USE_HEADERMAP = NO;
				WARNING_CFLAGS = ("$(inherited)");
			};
			name = Release;
		};
		64BC95F52E434DC0A0310FDC /* Release */ = {
			isa = XCBuildConfiguration;
			buildSettings = {
				ALWAYS_SEARCH_USER_PATHS = NO;
				COMBINE_HIDPI_IMAGES = YES;
				GCC_GENERATE_DEBUGGING_SYMBOLS = YES;
				GCC_INLINES_ARE_PRIVATE_EXTERN = NO;
				GCC_OPTIMIZATION_LEVEL = 0;
				GCC_PREPROCESSOR_DEFINITIONS = ("'CMAKE_INTDIR=\"$(CONFIGURATION)$(EFFECTIVE_PLATFORM_NAME)\"'","$(inherited)");
				GCC_SYMBOLS_PRIVATE_EXTERN = NO;
				INSTALL_PATH = "";
				OTHER_LDFLAGS = ("","$(inherited)");
				OTHER_REZFLAGS = "";
				PRODUCT_NAME = ALL_BUILD;
				SECTORDER_FLAGS = "";
				USE_HEADERMAP = NO;
				WARNING_CFLAGS = ("$(inherited)");
			};
			name = Release;
		};
		673FFDF1FC944F9F82E88E1C /* MinSizeRel */ = {
			isa = XCBuildConfiguration;
			buildSettings = {
				IPHONEOS_DEPLOYMENT_TARGET = 11.0;
				ONLY_ACTIVE_ARCH = YES;
				SDKROOT = iphoneos;
				SWIFT_COMPILATION_MODE = wholemodule;
				SYMROOT = "/Users/luongtoi/Documents/Projects/CasioEmuMsvc/CasioEmuMsvc/build-ios/build";
			};
			name = MinSizeRel;
		};
		6A8B21295C014E31A71A5EB6 /* Debug */ = {
			isa = XCBuildConfiguration;
			buildSettings = {
				IPHONEOS_DEPLOYMENT_TARGET = 11.0;
				ONLY_ACTIVE_ARCH = YES;
				SDKROOT = iphoneos;
				SYMROOT = "/Users/luongtoi/Documents/Projects/CasioEmuMsvc/CasioEmuMsvc/build-ios/build";
			};
			name = Debug;
		};
		6AC948075CCD4F3190E60B38 /* RelWithDebInfo */ = {
			isa = XCBuildConfiguration;
			buildSettings = {
				IPHONEOS_DEPLOYMENT_TARGET = 11.0;
				ONLY_ACTIVE_ARCH = YES;
				SDKROOT = iphoneos;
				SWIFT_COMPILATION_MODE = wholemodule;
				SYMROOT = "/Users/luongtoi/Documents/Projects/CasioEmuMsvc/CasioEmuMsvc/build-ios/build";
			};
			name = RelWithDebInfo;
		};
		74B70A8E6AB74CFB8400DC50 /* RelWithDebInfo */ = {
			isa = XCBuildConfiguration;
			buildSettings = {
				ALWAYS_SEARCH_USER_PATHS = NO;
				COMBINE_HIDPI_IMAGES = YES;
				GCC_GENERATE_DEBUGGING_SYMBOLS = YES;
				GCC_INLINES_ARE_PRIVATE_EXTERN = NO;
				GCC_OPTIMIZATION_LEVEL = 0;
				GCC_PREPROCESSOR_DEFINITIONS = ("'CMAKE_INTDIR=\"$(CONFIGURATION)$(EFFECTIVE_PLATFORM_NAME)\"'","$(inherited)");
				GCC_SYMBOLS_PRIVATE_EXTERN = NO;
				INSTALL_PATH = "";
				OTHER_LDFLAGS = ("","$(inherited)");
				OTHER_REZFLAGS = "";
				PRODUCT_NAME = ZERO_CHECK;
				SECTORDER_FLAGS = "";
				USE_HEADERMAP = NO;
				WARNING_CFLAGS = ("$(inherited)");
			};
			name = RelWithDebInfo;
		};
		7B3A0AB2E9CD4FDEA89F9719 /* MinSizeRel */ = {
			isa = XCBuildConfiguration;
			buildSettings = {
				ALWAYS_SEARCH_USER_PATHS = NO;
				COMBINE_HIDPI_IMAGES = YES;
				GCC_GENERATE_DEBUGGING_SYMBOLS = YES;
				GCC_INLINES_ARE_PRIVATE_EXTERN = NO;
				GCC_OPTIMIZATION_LEVEL = 0;
				GCC_PREPROCESSOR_DEFINITIONS = ("'CMAKE_INTDIR=\"$(CONFIGURATION)$(EFFECTIVE_PLATFORM_NAME)\"'","$(inherited)");
				GCC_SYMBOLS_PRIVATE_EXTERN = NO;
				INSTALL_PATH = "";
				OTHER_LDFLAGS = ("","$(inherited)");
				OTHER_REZFLAGS = "";
				PRODUCT_NAME = ALL_BUILD;
				SECTORDER_FLAGS = "";
				USE_HEADERMAP = NO;
				WARNING_CFLAGS = ("$(inherited)");
			};
			name = MinSizeRel;
		};
		7BF18616BDFF4F9EBEE865D1 /* MinSizeRel */ = {
			isa = XCBuildConfiguration;
			buildSettings = {
				ALWAYS_SEARCH_USER_PATHS = NO;
				COMBINE_HIDPI_IMAGES = YES;
				CONFIGURATION_BUILD_DIR = "/Users/luongtoi/Documents/Projects/CasioEmuMsvc/CasioEmuMsvc/build-ios/SDL_image/MinSizeRel${EFFECTIVE_PLATFORM_NAME}";
				DYLIB_COMPATIBILITY_VERSION = 901.0.0;
				DYLIB_CURRENT_VERSION = 901.0.0;
				EXECUTABLE_PREFIX = lib;
				EXECUTABLE_SUFFIX = .dylib;
				GCC_GENERATE_DEBUGGING_SYMBOLS = NO;
				GCC_INLINES_ARE_PRIVATE_EXTERN = NO;
				GCC_OPTIMIZATION_LEVEL = s;
				GCC_PREPROCESSOR_DEFINITIONS = ("'CMAKE_INTDIR=\"$(CONFIGURATION)$(EFFECTIVE_PLATFORM_NAME)\"'",DLL_EXPORT,BUILD_SDL,"'SDL_BUILD_MAJOR_VERSION=2'","'SDL_BUILD_MINOR_VERSION=9'","'SDL_BUILD_MICRO_VERSION=0'",USE_STBIMAGE,LOAD_BMP,LOAD_GIF,LOAD_JPG,"'SDL_IMAGE_SAVE_JPG=1'",LOAD_LBM,LOAD_PCX,LOAD_PNG,"'SDL_IMAGE_SAVE_PNG=1'",LOAD_PNM,LOAD_QOI,LOAD_SVG,LOAD_TGA,LOAD_XCF,LOAD_XPM,LOAD_XV,"$(inherited)");
				GCC_SYMBOLS_PRIVATE_EXTERN = NO;
				HEADER_SEARCH_PATHS = (/Users/luongtoi/Documents/Projects/CasioEmuMsvc/CasioEmuMsvc/SDL_image/include,"/Users/luongtoi/Documents/Projects/CasioEmuMsvc/CasioEmuMsvc/build-ios/SDL/include","/Users/luongtoi/Documents/Projects/CasioEmuMsvc/CasioEmuMsvc/build-ios/SDL/include/SDL2","/Users/luongtoi/Documents/Projects/CasioEmuMsvc/CasioEmuMsvc/build-ios/SDL/include-config-minsizerel/SDL2","$(inherited)");
				INSTALL_PATH = "";
				LD_RUNPATH_SEARCH_PATHS = ("/Users/luongtoi/Documents/Projects/CasioEmuMsvc/CasioEmuMsvc/build-ios/SDL/MinSizeRel${EFFECTIVE_PLATFORM_NAME}","$(inherited)");
				LIBRARY_STYLE = DYNAMIC;
				OTHER_CFLAGS = ("    -DNDEBUG -fPIC -fvisibility=hidden ","$(inherited)");
				OTHER_LDFLAGS = ("'-Wl,-undefined,error' -Wl,-headerpad_max_install_names -install_name @rpath/libSDL2_image-2.0.0.dylib","/Users/luongtoi/Documents/Projects/CasioEmuMsvc/CasioEmuMsvc/build-ios/SDL/MinSizeRel${EFFECTIVE_PLATFORM_NAME}/libSDL2-2.0.0.dylib","-lobjc","$(inherited)");
				OTHER_REZFLAGS = "";
				PRODUCT_NAME = "SDL2_image-2.0.0.900.0";
				SECTORDER_FLAGS = "";
				TARGET_TEMP_DIR = "/Users/luongtoi/Documents/Projects/CasioEmuMsvc/CasioEmuMsvc/build-ios/build/SDL2_image.build/$(CONFIGURATION)$(EFFECTIVE_PLATFORM_NAME)";
				USE_HEADERMAP = NO;
				WARNING_CFLAGS = ("$(inherited)");
			};
			name = MinSizeRel;
		};
		83289FA0E4984B6CA5DB0F76 /* Debug */ = {
			isa = XCBuildConfiguration;
			buildSettings = {
				ALWAYS_SEARCH_USER_PATHS = NO;
				COMBINE_HIDPI_IMAGES = YES;
				CONFIGURATION_BUILD_DIR = "/Users/luongtoi/Documents/Projects/CasioEmuMsvc/CasioEmuMsvc/build-ios/SDL_image/Debug${EFFECTIVE_PLATFORM_NAME}";
				DYLIB_COMPATIBILITY_VERSION = 901.0.0;
				DYLIB_CURRENT_VERSION = 901.0.0;
				EXECUTABLE_PREFIX = lib;
				EXECUTABLE_SUFFIX = .dylib;
				GCC_GENERATE_DEBUGGING_SYMBOLS = YES;
				GCC_INLINES_ARE_PRIVATE_EXTERN = NO;
				GCC_OPTIMIZATION_LEVEL = 0;
				GCC_PREPROCESSOR_DEFINITIONS = ("'CMAKE_INTDIR=\"$(CONFIGURATION)$(EFFECTIVE_PLATFORM_NAME)\"'",DLL_EXPORT,BUILD_SDL,"'SDL_BUILD_MAJOR_VERSION=2'","'SDL_BUILD_MINOR_VERSION=9'","'SDL_BUILD_MICRO_VERSION=0'",USE_STBIMAGE,LOAD_BMP,LOAD_GIF,LOAD_JPG,"'SDL_IMAGE_SAVE_JPG=1'",LOAD_LBM,LOAD_PCX,LOAD_PNG,"'SDL_IMAGE_SAVE_PNG=1'",LOAD_PNM,LOAD_QOI,LOAD_SVG,LOAD_TGA,LOAD_XCF,LOAD_XPM,LOAD_XV,"$(inherited)");
				GCC_SYMBOLS_PRIVATE_EXTERN = NO;
				HEADER_SEARCH_PATHS = (/Users/luongtoi/Documents/Projects/CasioEmuMsvc/CasioEmuMsvc/SDL_image/include,"/Users/luongtoi/Documents/Projects/CasioEmuMsvc/CasioEmuMsvc/build-ios/SDL/include","/Users/luongtoi/Documents/Projects/CasioEmuMsvc/CasioEmuMsvc/build-ios/SDL/include/SDL2","/Users/luongtoi/Documents/Projects/CasioEmuMsvc/CasioEmuMsvc/build-ios/SDL/include-config-debug/SDL2","$(inherited)");
				INSTALL_PATH = "";
				LD_RUNPATH_SEARCH_PATHS = ("/Users/luongtoi/Documents/Projects/CasioEmuMsvc/CasioEmuMsvc/build-ios/SDL/Debug${EFFECTIVE_PLATFORM_NAME}","$(inherited)");
				LIBRARY_STYLE = DYNAMIC;
				OTHER_CFLAGS = ("   -fPIC -fvisibility=hidden ","$(inherited)");
				OTHER_LDFLAGS = ("'-Wl,-undefined,error' -Wl,-headerpad_max_install_names -install_name @rpath/libSDL2_image-2.0d.0.dylib","/Users/luongtoi/Documents/Projects/CasioEmuMsvc/CasioEmuMsvc/build-ios/SDL/Debug${EFFECTIVE_PLATFORM_NAME}/libSDL2-2.0d.0.dylib","-lobjc","$(inherited)");
				OTHER_REZFLAGS = "";
				PRODUCT_NAME = "SDL2_image-2.0d.0.900.0";
				SECTORDER_FLAGS = "";
				TARGET_TEMP_DIR = "/Users/luongtoi/Documents/Projects/CasioEmuMsvc/CasioEmuMsvc/build-ios/build/SDL2_image.build/$(CONFIGURATION)$(EFFECTIVE_PLATFORM_NAME)";
				USE_HEADERMAP = NO;
				WARNING_CFLAGS = ("$(inherited)");
			};
			name = Debug;
		};
		8E520B57C86846B59C2E1BDF /* Release */ = {
			isa = XCBuildConfiguration;
			buildSettings = {
				IPHONEOS_DEPLOYMENT_TARGET = 11.0;
				ONLY_ACTIVE_ARCH = YES;
				SDKROOT = iphoneos;
				SWIFT_COMPILATION_MODE = wholemodule;
				SYMROOT = "/Users/luongtoi/Documents/Projects/CasioEmuMsvc/CasioEmuMsvc/build-ios/build";
			};
			name = Release;
		};
		9728AD8F2F2B44418AB49DC6 /* RelWithDebInfo */ = {
			isa = XCBuildConfiguration;
			buildSettings = {
				ALWAYS_SEARCH_USER_PATHS = NO;
				COMBINE_HIDPI_IMAGES = YES;
				CONFIGURATION_BUILD_DIR = "/Users/luongtoi/Documents/Projects/CasioEmuMsvc/CasioEmuMsvc/build-ios/SDL_image/RelWithDebInfo${EFFECTIVE_PLATFORM_NAME}";
				DYLIB_COMPATIBILITY_VERSION = 901.0.0;
				DYLIB_CURRENT_VERSION = 901.0.0;
				EXECUTABLE_PREFIX = lib;
				EXECUTABLE_SUFFIX = .dylib;
				GCC_GENERATE_DEBUGGING_SYMBOLS = YES;
				GCC_INLINES_ARE_PRIVATE_EXTERN = NO;
				GCC_OPTIMIZATION_LEVEL = 2;
				GCC_PREPROCESSOR_DEFINITIONS = ("'CMAKE_INTDIR=\"$(CONFIGURATION)$(EFFECTIVE_PLATFORM_NAME)\"'",DLL_EXPORT,BUILD_SDL,"'SDL_BUILD_MAJOR_VERSION=2'","'SDL_BUILD_MINOR_VERSION=9'","'SDL_BUILD_MICRO_VERSION=0'",USE_STBIMAGE,LOAD_BMP,LOAD_GIF,LOAD_JPG,"'SDL_IMAGE_SAVE_JPG=1'",LOAD_LBM,LOAD_PCX,LOAD_PNG,"'SDL_IMAGE_SAVE_PNG=1'",LOAD_PNM,LOAD_QOI,LOAD_SVG,LOAD_TGA,LOAD_XCF,LOAD_XPM,LOAD_XV,"$(inherited)");
				GCC_SYMBOLS_PRIVATE_EXTERN = NO;
				HEADER_SEARCH_PATHS = (/Users/luongtoi/Documents/Projects/CasioEmuMsvc/CasioEmuMsvc/SDL_image/include,"/Users/luongtoi/Documents/Projects/CasioEmuMsvc/CasioEmuMsvc/build-ios/SDL/include","/Users/luongtoi/Documents/Projects/CasioEmuMsvc/CasioEmuMsvc/build-ios/SDL/include/SDL2","/Users/luongtoi/Documents/Projects/CasioEmuMsvc/CasioEmuMsvc/build-ios/SDL/include-config-relwithdebinfo/SDL2","$(inherited)");
				INSTALL_PATH = "";
				LD_RUNPATH_SEARCH_PATHS = ("/Users/luongtoi/Documents/Projects/CasioEmuMsvc/CasioEmuMsvc/build-ios/SDL/RelWithDebInfo${EFFECTIVE_PLATFORM_NAME}","$(inherited)");
				LIBRARY_STYLE = DYNAMIC;
				OTHER_CFLAGS = ("       -DNDEBUG -fPIC -fvisibility=hidden ","$(inherited)");
				OTHER_LDFLAGS = ("'-Wl,-undefined,error' -Wl,-headerpad_max_install_names -install_name @rpath/libSDL2_image-2.0.0.dylib","/Users/luongtoi/Documents/Projects/CasioEmuMsvc/CasioEmuMsvc/build-ios/SDL/RelWithDebInfo${EFFECTIVE_PLATFORM_NAME}/libSDL2-2.0.0.dylib","-lobjc","$(inherited)");
				OTHER_REZFLAGS = "";
				PRODUCT_NAME = "SDL2_image-2.0.0.900.0";
				SECTORDER_FLAGS = "";
				TARGET_TEMP_DIR = "/Users/luongtoi/Documents/Projects/CasioEmuMsvc/CasioEmuMsvc/build-ios/build/SDL2_image.build/$(CONFIGURATION)$(EFFECTIVE_PLATFORM_NAME)";
				USE_HEADERMAP = NO;
				WARNING_CFLAGS = ("$(inherited)");
			};
			name = RelWithDebInfo;
		};
		AAB73A6949424043B68FC37C /* Debug */ = {
			isa = XCBuildConfiguration;
			buildSettings = {
				ALWAYS_SEARCH_USER_PATHS = NO;
				COMBINE_HIDPI_IMAGES = YES;
				GCC_GENERATE_DEBUGGING_SYMBOLS = YES;
				GCC_INLINES_ARE_PRIVATE_EXTERN = NO;
				GCC_OPTIMIZATION_LEVEL = 0;
				GCC_PREPROCESSOR_DEFINITIONS = ("'CMAKE_INTDIR=\"$(CONFIGURATION)$(EFFECTIVE_PLATFORM_NAME)\"'","$(inherited)");
				GCC_SYMBOLS_PRIVATE_EXTERN = NO;
				INSTALL_PATH = "";
				OTHER_LDFLAGS = ("","$(inherited)");
				OTHER_REZFLAGS = "";
				PRODUCT_NAME = ZERO_CHECK;
				SECTORDER_FLAGS = "";
				USE_HEADERMAP = NO;
				WARNING_CFLAGS = ("$(inherited)");
			};
			name = Debug;
		};
		AB27467800EE46C189D4D8A3 /* MinSizeRel */ = {
			isa = XCBuildConfiguration;
			buildSettings = {
				ALWAYS_SEARCH_USER_PATHS = NO;
				COMBINE_HIDPI_IMAGES = YES;
				GCC_GENERATE_DEBUGGING_SYMBOLS = YES;
				GCC_INLINES_ARE_PRIVATE_EXTERN = NO;
				GCC_OPTIMIZATION_LEVEL = 0;
				GCC_PREPROCESSOR_DEFINITIONS = ("'CMAKE_INTDIR=\"$(CONFIGURATION)$(EFFECTIVE_PLATFORM_NAME)\"'","$(inherited)");
				GCC_SYMBOLS_PRIVATE_EXTERN = NO;
				INSTALL_PATH = "";
				OTHER_LDFLAGS = ("","$(inherited)");
				OTHER_REZFLAGS = "";
				PRODUCT_NAME = ZERO_CHECK;
				SECTORDER_FLAGS = "";
				USE_HEADERMAP = NO;
				WARNING_CFLAGS = ("$(inherited)");
			};
			name = MinSizeRel;
		};
		B1F42D09F30A42508DC746A8 /* Release */ = {
			isa = XCBuildConfiguration;
			buildSettings = {
				ALWAYS_SEARCH_USER_PATHS = NO;
				COMBINE_HIDPI_IMAGES = YES;
				CONFIGURATION_BUILD_DIR = "/Users/luongtoi/Documents/Projects/CasioEmuMsvc/CasioEmuMsvc/build-ios/SDL_image/Release${EFFECTIVE_PLATFORM_NAME}";
				DYLIB_COMPATIBILITY_VERSION = 901.0.0;
				DYLIB_CURRENT_VERSION = 901.0.0;
				EXECUTABLE_PREFIX = lib;
				EXECUTABLE_SUFFIX = .dylib;
				GCC_GENERATE_DEBUGGING_SYMBOLS = NO;
				GCC_INLINES_ARE_PRIVATE_EXTERN = NO;
				GCC_OPTIMIZATION_LEVEL = 3;
				GCC_PREPROCESSOR_DEFINITIONS = ("'CMAKE_INTDIR=\"$(CONFIGURATION)$(EFFECTIVE_PLATFORM_NAME)\"'",DLL_EXPORT,BUILD_SDL,"'SDL_BUILD_MAJOR_VERSION=2'","'SDL_BUILD_MINOR_VERSION=9'","'SDL_BUILD_MICRO_VERSION=0'",USE_STBIMAGE,LOAD_BMP,LOAD_GIF,LOAD_JPG,"'SDL_IMAGE_SAVE_JPG=1'",LOAD_LBM,LOAD_PCX,LOAD_PNG,"'SDL_IMAGE_SAVE_PNG=1'",LOAD_PNM,LOAD_QOI,LOAD_SVG,LOAD_TGA,LOAD_XCF,LOAD_XPM,LOAD_XV,"$(inherited)");
				GCC_SYMBOLS_PRIVATE_EXTERN = NO;
				HEADER_SEARCH_PATHS = (/Users/luongtoi/Documents/Projects/CasioEmuMsvc/CasioEmuMsvc/SDL_image/include,"/Users/luongtoi/Documents/Projects/CasioEmuMsvc/CasioEmuMsvc/build-ios/SDL/include","/Users/luongtoi/Documents/Projects/CasioEmuMsvc/CasioEmuMsvc/build-ios/SDL/include/SDL2","/Users/luongtoi/Documents/Projects/CasioEmuMsvc/CasioEmuMsvc/build-ios/SDL/include-config-release/SDL2","$(inherited)");
				INSTALL_PATH = "";
				LD_RUNPATH_SEARCH_PATHS = ("/Users/luongtoi/Documents/Projects/CasioEmuMsvc/CasioEmuMsvc/build-ios/SDL/Release${EFFECTIVE_PLATFORM_NAME}","$(inherited)");
				LIBRARY_STYLE = DYNAMIC;
				OTHER_CFLAGS = ("    -DNDEBUG -fPIC -fvisibility=hidden ","$(inherited)");
				OTHER_LDFLAGS = ("'-Wl,-undefined,error' -Wl,-headerpad_max_install_names -install_name @rpath/libSDL2_image-2.0.0.dylib","/Users/luongtoi/Documents/Projects/CasioEmuMsvc/CasioEmuMsvc/build-ios/SDL/Release${EFFECTIVE_PLATFORM_NAME}/libSDL2-2.0.0.dylib","-lobjc","$(inherited)");
				OTHER_REZFLAGS = "";
				PRODUCT_NAME = "SDL2_image-2.0.0.900.0";
				SECTORDER_FLAGS = "";
				TARGET_TEMP_DIR = "/Users/luongtoi/Documents/Projects/CasioEmuMsvc/CasioEmuMsvc/build-ios/build/SDL2_image.build/$(CONFIGURATION)$(EFFECTIVE_PLATFORM_NAME)";
				USE_HEADERMAP = NO;
				WARNING_CFLAGS = ("$(inherited)");
			};
			name = Release;
		};
		D2B5A3EA14F74B82AF9B0FBB /* RelWithDebInfo */ = {
			isa = XCBuildConfiguration;
			buildSettings = {
				ALWAYS_SEARCH_USER_PATHS = NO;
				COMBINE_HIDPI_IMAGES = YES;
				GCC_GENERATE_DEBUGGING_SYMBOLS = YES;
				GCC_INLINES_ARE_PRIVATE_EXTERN = NO;
				GCC_OPTIMIZATION_LEVEL = 0;
				GCC_PREPROCESSOR_DEFINITIONS = ("'CMAKE_INTDIR=\"$(CONFIGURATION)$(EFFECTIVE_PLATFORM_NAME)\"'","$(inherited)");
				GCC_SYMBOLS_PRIVATE_EXTERN = NO;
				INSTALL_PATH = "";
				OTHER_LDFLAGS = ("","$(inherited)");
				OTHER_REZFLAGS = "";
				PRODUCT_NAME = package;
				SECTORDER_FLAGS = "";
				USE_HEADERMAP = NO;
				WARNING_CFLAGS = ("$(inherited)");
			};
			name = RelWithDebInfo;
		};
		D4DDB7B8F6AF46248D5665D0 /* Debug */ = {
			isa = XCBuildConfiguration;
			buildSettings = {
				ALWAYS_SEARCH_USER_PATHS = NO;
				COMBINE_HIDPI_IMAGES = YES;
				GCC_GENERATE_DEBUGGING_SYMBOLS = YES;
				GCC_INLINES_ARE_PRIVATE_EXTERN = NO;
				GCC_OPTIMIZATION_LEVEL = 0;
				GCC_PREPROCESSOR_DEFINITIONS = ("'CMAKE_INTDIR=\"$(CONFIGURATION)$(EFFECTIVE_PLATFORM_NAME)\"'","$(inherited)");
				GCC_SYMBOLS_PRIVATE_EXTERN = NO;
				INSTALL_PATH = "";
				OTHER_LDFLAGS = ("","$(inherited)");
				OTHER_REZFLAGS = "";
				PRODUCT_NAME = package;
				SECTORDER_FLAGS = "";
				USE_HEADERMAP = NO;
				WARNING_CFLAGS = ("$(inherited)");
			};
			name = Debug;
		};
		D796C0C9270E43C4AA268979 /* RelWithDebInfo */ = {
			isa = XCBuildConfiguration;
			buildSettings = {
				ALWAYS_SEARCH_USER_PATHS = NO;
				COMBINE_HIDPI_IMAGES = YES;
				GCC_GENERATE_DEBUGGING_SYMBOLS = YES;
				GCC_INLINES_ARE_PRIVATE_EXTERN = NO;
				GCC_OPTIMIZATION_LEVEL = 0;
				GCC_PREPROCESSOR_DEFINITIONS = ("'CMAKE_INTDIR=\"$(CONFIGURATION)$(EFFECTIVE_PLATFORM_NAME)\"'","$(inherited)");
				GCC_SYMBOLS_PRIVATE_EXTERN = NO;
				INSTALL_PATH = "";
				OTHER_LDFLAGS = ("","$(inherited)");
				OTHER_REZFLAGS = "";
				PRODUCT_NAME = ALL_BUILD;
				SECTORDER_FLAGS = "";
				USE_HEADERMAP = NO;
				WARNING_CFLAGS = ("$(inherited)");
			};
			name = RelWithDebInfo;
		};
/* End XCBuildConfiguration section */

/* Begin XCConfigurationList section */
		0749F1E3C7AD400F8712CF0D /* Build configuration list for PBXAggregateTarget "ZERO_CHECK" */ = {
			isa = XCConfigurationList;
			buildConfigurations = (
				AAB73A6949424043B68FC37C /* Debug */,
				39582C6A13D2424DB3262AFB /* Release */,
				AB27467800EE46C189D4D8A3 /* MinSizeRel */,
				74B70A8E6AB74CFB8400DC50 /* RelWithDebInfo */,
			);
			defaultConfigurationIsVisible = 0;
			defaultConfigurationName = Debug;
		};
		1ED3977C9F7242B0A3FDFEB2 /* Build configuration list for PBXAggregateTarget "ALL_BUILD" */ = {
			isa = XCConfigurationList;
			buildConfigurations = (
				1BCAEBA096C64CFF8CBD0687 /* Debug */,
				64BC95F52E434DC0A0310FDC /* Release */,
				7B3A0AB2E9CD4FDEA89F9719 /* MinSizeRel */,
				D796C0C9270E43C4AA268979 /* RelWithDebInfo */,
			);
			defaultConfigurationIsVisible = 0;
			defaultConfigurationName = Debug;
		};
		C6EF082D979D4F61A01CCC73 /* Build configuration list for PBXProject "SDL2_image" */ = {
			isa = XCConfigurationList;
			buildConfigurations = (
				6A8B21295C014E31A71A5EB6 /* Debug */,
				8E520B57C86846B59C2E1BDF /* Release */,
				673FFDF1FC944F9F82E88E1C /* MinSizeRel */,
				6AC948075CCD4F3190E60B38 /* RelWithDebInfo */,
			);
			defaultConfigurationIsVisible = 0;
			defaultConfigurationName = Debug;
		};
		E65D4058EC3B4FDF80AD061D /* Build configuration list for PBXAggregateTarget "package" */ = {
			isa = XCConfigurationList;
			buildConfigurations = (
				D4DDB7B8F6AF46248D5665D0 /* Debug */,
				107F6D1C571E45B2A1646E8C /* Release */,
				053BC711AFC74FAFBD4902A4 /* MinSizeRel */,
				D2B5A3EA14F74B82AF9B0FBB /* RelWithDebInfo */,
			);
			defaultConfigurationIsVisible = 0;
			defaultConfigurationName = Debug;
		};
		F92890411FE8434DB9FA469E /* Build configuration list for PBXNativeTarget "SDL2_image" */ = {
			isa = XCConfigurationList;
			buildConfigurations = (
				83289FA0E4984B6CA5DB0F76 /* Debug */,
				B1F42D09F30A42508DC746A8 /* Release */,
				7BF18616BDFF4F9EBEE865D1 /* MinSizeRel */,
				9728AD8F2F2B44418AB49DC6 /* RelWithDebInfo */,
			);
			defaultConfigurationIsVisible = 0;
			defaultConfigurationName = Debug;
		};
/* End XCConfigurationList section */
	};
	rootObject = 0782A3D369C34F628BE2156D /* Project object */;
}
